<?xml version="1.0" encoding="Windows-1252"?>
<Project ToolsVersion="12.0" xmlns="http://schemas.microsoft.com/developer/msbuild/2003">
  <ItemGroup>
    <CustomBuild Include="C:\Projects\DifferenceFormatter\src\sdks\ctemplate\CMakeLists.txt" />
    <CustomBuild Include="C:\Projects\DifferenceFormatter\src\sdks\ctemplate\src\htmlparser\htmlparser_fsm.config" />
    <CustomBuild Include="C:\Projects\DifferenceFormatter\src\sdks\ctemplate\src\htmlparser\jsparser_fsm.config" />
    <CustomBuild Include="C:\Projects\DifferenceFormatter\projects\sdks\CMakeFiles\a421a623b65f153b67d1524ce0e72e97\CTemplatePythonGeneratedFiles.rule">
      <Filter>CMake Rules</Filter>
    </CustomBuild>
  </ItemGroup>
  <ItemGroup>
    <None Include="C:\Projects\DifferenceFormatter\projects\sdks\ctemplate\CMakeFiles\CTemplatePythonGeneratedFiles" />
  </ItemGroup>
  <ItemGroup>
    <Filter Include="CMake Rules">
      <UniqueIdentifier>{B422E4E0-B33B-430A-9E08-212561ED20B0}</UniqueIdentifier>
    </Filter>
  </ItemGroup>
</Project>
