<?xml version="1.0" encoding="Windows-1252"?>
<Project ToolsVersion="12.0" xmlns="http://schemas.microsoft.com/developer/msbuild/2003">
  <ItemGroup>
    <CustomBuild Include="C:\Projects\DifferenceFormatter\projects\sdks\CMakeFiles\9be1622d31413922d4dbc24ea7c73953\PACKAGE_force.rule">
      <Filter>CMake Rules</Filter>
    </CustomBuild>
  </ItemGroup>
  <ItemGroup>
    <Filter Include="CMake Rules">
      <UniqueIdentifier>{BA512916-A4F5-4A47-9547-F28BC7768614}</UniqueIdentifier>
    </Filter>
  </ItemGroup>
</Project>
