<?xml version="1.0" encoding="Windows-1252"?>
<Project ToolsVersion="12.0" xmlns="http://schemas.microsoft.com/developer/msbuild/2003">
  <ItemGroup>
    <CustomBuild Include="C:\Projects\DifferenceFormatter\src\sdks\CMakeFiles\c44e19cb8d8ca72a7c24b9c8dd865394\INSTALL_force.rule">
      <Filter>CMake Rules</Filter>
    </CustomBuild>
  </ItemGroup>
  <ItemGroup>
    <Filter Include="CMake Rules">
      <UniqueIdentifier>{C00961FE-F7AB-4977-A4D0-09E9CB51D1F8}</UniqueIdentifier>
    </Filter>
  </ItemGroup>
</Project>
