Microsoft Visual Studio Solution File, Format Version 12.00
# Visual Studio 2013
Project("{8BC9CEB8-8B4A-11D0-8D11-00A0C91BC942}") = "ALL_BUILD", "ALL_BUILD.vcxproj", "{B0FE0E03-4E15-4978-98CA-52F57DB8AE40}"
	ProjectSection(ProjectDependencies) = postProject
		{7B1592DA-56C4-4341-9D2C-481972204802} = {7B1592DA-56C4-4341-9D2C-481972204802}
		{776AB425-D156-46BD-BC94-87C6825DE27A} = {776AB425-D156-46BD-BC94-87C6825DE27A}
		{CB68BB44-9C8D-4214-A521-09DAEAEC9AEB} = {CB68BB44-9C8D-4214-A521-09DAEAEC9AEB}
		{E4E9B5E9-F146-44EB-8BC3-545F8C94B75D} = {E4E9B5E9-F146-44EB-8BC3-545F8C94B75D}
		{FAFFFE5B-E934-4432-B5D1-A7E32C34F008} = {FAFFFE5B-E934-4432-B5D1-A7E32C34F008}
		{16C454E7-EC29-47A0-930C-FACF3E491BBE} = {16C454E7-EC29-47A0-930C-FACF3E491BBE}
		{3E920ED2-74C8-4392-9A28-E6A10FC603AF} = {3E920ED2-74C8-4392-9A28-E6A10FC603AF}
		{ECA32386-62FB-4867-B1AD-2CD9F31B4AB9} = {ECA32386-62FB-4867-B1AD-2CD9F31B4AB9}
		{9985E1AD-AFA3-4343-9807-E63BF4396ED2} = {9985E1AD-AFA3-4343-9807-E63BF4396ED2}
		{04F4868B-5F6E-4B76-B216-9AF054D59000} = {04F4868B-5F6E-4B76-B216-9AF054D59000}
		{CEBB4936-7DF6-49FD-9B9B-6F6D4DDB5AE1} = {CEBB4936-7DF6-49FD-9B9B-6F6D4DDB5AE1}
	EndProjectSection
EndProject
Project("{8BC9CEB8-8B4A-11D0-8D11-00A0C91BC942}") = "INSTALL", "INSTALL.vcxproj", "{B5B2C911-1225-4512-A23A-58E795358A1A}"
	ProjectSection(ProjectDependencies) = postProject
		{B0FE0E03-4E15-4978-98CA-52F57DB8AE40} = {B0FE0E03-4E15-4978-98CA-52F57DB8AE40}
	EndProjectSection
EndProject
Project("{8BC9CEB8-8B4A-11D0-8D11-00A0C91BC942}") = "PACKAGE", "PACKAGE.vcxproj", "{BA3F5583-6FC4-4987-B612-7CD2C0EF79D9}"
	ProjectSection(ProjectDependencies) = postProject
		{B0FE0E03-4E15-4978-98CA-52F57DB8AE40} = {B0FE0E03-4E15-4978-98CA-52F57DB8AE40}
	EndProjectSection
EndProject
Project("{8BC9CEB8-8B4A-11D0-8D11-00A0C91BC942}") = "PocoData", "Data\PocoData.vcxproj", "{7B1592DA-56C4-4341-9D2C-481972204802}"
	ProjectSection(ProjectDependencies) = postProject
		{E4E9B5E9-F146-44EB-8BC3-545F8C94B75D} = {E4E9B5E9-F146-44EB-8BC3-545F8C94B75D}
		{5040F103-F3D5-48DC-8703-0CA37AC0F667} = {5040F103-F3D5-48DC-8703-0CA37AC0F667}
	EndProjectSection
EndProject
Project("{8BC9CEB8-8B4A-11D0-8D11-00A0C91BC942}") = "PocoDataODBC", "Data\ODBC\PocoDataODBC.vcxproj", "{776AB425-D156-46BD-BC94-87C6825DE27A}"
	ProjectSection(ProjectDependencies) = postProject
		{7B1592DA-56C4-4341-9D2C-481972204802} = {7B1592DA-56C4-4341-9D2C-481972204802}
		{E4E9B5E9-F146-44EB-8BC3-545F8C94B75D} = {E4E9B5E9-F146-44EB-8BC3-545F8C94B75D}
		{5040F103-F3D5-48DC-8703-0CA37AC0F667} = {5040F103-F3D5-48DC-8703-0CA37AC0F667}
	EndProjectSection
EndProject
Project("{8BC9CEB8-8B4A-11D0-8D11-00A0C91BC942}") = "PocoDataSQLite", "Data\SQLite\PocoDataSQLite.vcxproj", "{CB68BB44-9C8D-4214-A521-09DAEAEC9AEB}"
	ProjectSection(ProjectDependencies) = postProject
		{7B1592DA-56C4-4341-9D2C-481972204802} = {7B1592DA-56C4-4341-9D2C-481972204802}
		{E4E9B5E9-F146-44EB-8BC3-545F8C94B75D} = {E4E9B5E9-F146-44EB-8BC3-545F8C94B75D}
		{5040F103-F3D5-48DC-8703-0CA37AC0F667} = {5040F103-F3D5-48DC-8703-0CA37AC0F667}
	EndProjectSection
EndProject
Project("{8BC9CEB8-8B4A-11D0-8D11-00A0C91BC942}") = "PocoFoundation", "Foundation\PocoFoundation.vcxproj", "{E4E9B5E9-F146-44EB-8BC3-545F8C94B75D}"
	ProjectSection(ProjectDependencies) = postProject
		{5040F103-F3D5-48DC-8703-0CA37AC0F667} = {5040F103-F3D5-48DC-8703-0CA37AC0F667}
	EndProjectSection
EndProject
Project("{8BC9CEB8-8B4A-11D0-8D11-00A0C91BC942}") = "PocoJSON", "JSON\PocoJSON.vcxproj", "{FAFFFE5B-E934-4432-B5D1-A7E32C34F008}"
	ProjectSection(ProjectDependencies) = postProject
		{E4E9B5E9-F146-44EB-8BC3-545F8C94B75D} = {E4E9B5E9-F146-44EB-8BC3-545F8C94B75D}
		{5040F103-F3D5-48DC-8703-0CA37AC0F667} = {5040F103-F3D5-48DC-8703-0CA37AC0F667}
	EndProjectSection
EndProject
Project("{8BC9CEB8-8B4A-11D0-8D11-00A0C91BC942}") = "PocoMongoDB", "MongoDB\PocoMongoDB.vcxproj", "{16C454E7-EC29-47A0-930C-FACF3E491BBE}"
	ProjectSection(ProjectDependencies) = postProject
		{E4E9B5E9-F146-44EB-8BC3-545F8C94B75D} = {E4E9B5E9-F146-44EB-8BC3-545F8C94B75D}
		{3E920ED2-74C8-4392-9A28-E6A10FC603AF} = {3E920ED2-74C8-4392-9A28-E6A10FC603AF}
		{5040F103-F3D5-48DC-8703-0CA37AC0F667} = {5040F103-F3D5-48DC-8703-0CA37AC0F667}
	EndProjectSection
EndProject
Project("{8BC9CEB8-8B4A-11D0-8D11-00A0C91BC942}") = "PocoNet", "Net\PocoNet.vcxproj", "{3E920ED2-74C8-4392-9A28-E6A10FC603AF}"
	ProjectSection(ProjectDependencies) = postProject
		{E4E9B5E9-F146-44EB-8BC3-545F8C94B75D} = {E4E9B5E9-F146-44EB-8BC3-545F8C94B75D}
		{5040F103-F3D5-48DC-8703-0CA37AC0F667} = {5040F103-F3D5-48DC-8703-0CA37AC0F667}
	EndProjectSection
EndProject
Project("{8BC9CEB8-8B4A-11D0-8D11-00A0C91BC942}") = "PocoPDF", "PDF\PocoPDF.vcxproj", "{ECA32386-62FB-4867-B1AD-2CD9F31B4AB9}"
	ProjectSection(ProjectDependencies) = postProject
		{E4E9B5E9-F146-44EB-8BC3-545F8C94B75D} = {E4E9B5E9-F146-44EB-8BC3-545F8C94B75D}
		{5040F103-F3D5-48DC-8703-0CA37AC0F667} = {5040F103-F3D5-48DC-8703-0CA37AC0F667}
	EndProjectSection
EndProject
Project("{8BC9CEB8-8B4A-11D0-8D11-00A0C91BC942}") = "PocoUtil", "Util\PocoUtil.vcxproj", "{9985E1AD-AFA3-4343-9807-E63BF4396ED2}"
	ProjectSection(ProjectDependencies) = postProject
		{E4E9B5E9-F146-44EB-8BC3-545F8C94B75D} = {E4E9B5E9-F146-44EB-8BC3-545F8C94B75D}
		{FAFFFE5B-E934-4432-B5D1-A7E32C34F008} = {FAFFFE5B-E934-4432-B5D1-A7E32C34F008}
		{04F4868B-5F6E-4B76-B216-9AF054D59000} = {04F4868B-5F6E-4B76-B216-9AF054D59000}
		{5040F103-F3D5-48DC-8703-0CA37AC0F667} = {5040F103-F3D5-48DC-8703-0CA37AC0F667}
	EndProjectSection
EndProject
Project("{8BC9CEB8-8B4A-11D0-8D11-00A0C91BC942}") = "PocoXML", "XML\PocoXML.vcxproj", "{04F4868B-5F6E-4B76-B216-9AF054D59000}"
	ProjectSection(ProjectDependencies) = postProject
		{E4E9B5E9-F146-44EB-8BC3-545F8C94B75D} = {E4E9B5E9-F146-44EB-8BC3-545F8C94B75D}
		{5040F103-F3D5-48DC-8703-0CA37AC0F667} = {5040F103-F3D5-48DC-8703-0CA37AC0F667}
	EndProjectSection
EndProject
Project("{8BC9CEB8-8B4A-11D0-8D11-00A0C91BC942}") = "PocoZip", "Zip\PocoZip.vcxproj", "{CEBB4936-7DF6-49FD-9B9B-6F6D4DDB5AE1}"
	ProjectSection(ProjectDependencies) = postProject
		{E4E9B5E9-F146-44EB-8BC3-545F8C94B75D} = {E4E9B5E9-F146-44EB-8BC3-545F8C94B75D}
		{FAFFFE5B-E934-4432-B5D1-A7E32C34F008} = {FAFFFE5B-E934-4432-B5D1-A7E32C34F008}
		{9985E1AD-AFA3-4343-9807-E63BF4396ED2} = {9985E1AD-AFA3-4343-9807-E63BF4396ED2}
		{04F4868B-5F6E-4B76-B216-9AF054D59000} = {04F4868B-5F6E-4B76-B216-9AF054D59000}
		{5040F103-F3D5-48DC-8703-0CA37AC0F667} = {5040F103-F3D5-48DC-8703-0CA37AC0F667}
	EndProjectSection
EndProject
Project("{8BC9CEB8-8B4A-11D0-8D11-00A0C91BC942}") = "ZERO_CHECK", "..\ZERO_CHECK.vcxproj", "{5040F103-F3D5-48DC-8703-0CA37AC0F667}"
	ProjectSection(ProjectDependencies) = postProject
	EndProjectSection
EndProject
Project("{8BC9CEB8-8B4A-11D0-8D11-00A0C91BC942}") = "uninstall", "uninstall.vcxproj", "{C708D11A-9279-4835-854D-294073E168C0}"
	ProjectSection(ProjectDependencies) = postProject
		{5040F103-F3D5-48DC-8703-0CA37AC0F667} = {5040F103-F3D5-48DC-8703-0CA37AC0F667}
	EndProjectSection
EndProject
Global
	GlobalSection(SolutionConfigurationPlatforms) = preSolution
		Debug|Win32 = Debug|Win32
		Release|Win32 = Release|Win32
		MinSizeRel|Win32 = MinSizeRel|Win32
		RelWithDebInfo|Win32 = RelWithDebInfo|Win32
	EndGlobalSection
	GlobalSection(ProjectConfigurationPlatforms) = postSolution
		{B0FE0E03-4E15-4978-98CA-52F57DB8AE40}.Debug|Win32.ActiveCfg = Debug|Win32
		{B0FE0E03-4E15-4978-98CA-52F57DB8AE40}.Debug|Win32.Build.0 = Debug|Win32
		{B0FE0E03-4E15-4978-98CA-52F57DB8AE40}.Release|Win32.ActiveCfg = Release|Win32
		{B0FE0E03-4E15-4978-98CA-52F57DB8AE40}.Release|Win32.Build.0 = Release|Win32
		{B0FE0E03-4E15-4978-98CA-52F57DB8AE40}.MinSizeRel|Win32.ActiveCfg = MinSizeRel|Win32
		{B0FE0E03-4E15-4978-98CA-52F57DB8AE40}.MinSizeRel|Win32.Build.0 = MinSizeRel|Win32
		{B0FE0E03-4E15-4978-98CA-52F57DB8AE40}.RelWithDebInfo|Win32.ActiveCfg = RelWithDebInfo|Win32
		{B0FE0E03-4E15-4978-98CA-52F57DB8AE40}.RelWithDebInfo|Win32.Build.0 = RelWithDebInfo|Win32
		{B5B2C911-1225-4512-A23A-58E795358A1A}.Debug|Win32.ActiveCfg = Debug|Win32
		{B5B2C911-1225-4512-A23A-58E795358A1A}.Release|Win32.ActiveCfg = Release|Win32
		{B5B2C911-1225-4512-A23A-58E795358A1A}.MinSizeRel|Win32.ActiveCfg = MinSizeRel|Win32
		{B5B2C911-1225-4512-A23A-58E795358A1A}.RelWithDebInfo|Win32.ActiveCfg = RelWithDebInfo|Win32
		{BA3F5583-6FC4-4987-B612-7CD2C0EF79D9}.Debug|Win32.ActiveCfg = Debug|Win32
		{BA3F5583-6FC4-4987-B612-7CD2C0EF79D9}.Release|Win32.ActiveCfg = Release|Win32
		{BA3F5583-6FC4-4987-B612-7CD2C0EF79D9}.MinSizeRel|Win32.ActiveCfg = MinSizeRel|Win32
		{BA3F5583-6FC4-4987-B612-7CD2C0EF79D9}.RelWithDebInfo|Win32.ActiveCfg = RelWithDebInfo|Win32
		{7B1592DA-56C4-4341-9D2C-481972204802}.Debug|Win32.ActiveCfg = Debug|Win32
		{7B1592DA-56C4-4341-9D2C-481972204802}.Debug|Win32.Build.0 = Debug|Win32
		{7B1592DA-56C4-4341-9D2C-481972204802}.Release|Win32.ActiveCfg = Release|Win32
		{7B1592DA-56C4-4341-9D2C-481972204802}.Release|Win32.Build.0 = Release|Win32
		{7B1592DA-56C4-4341-9D2C-481972204802}.MinSizeRel|Win32.ActiveCfg = MinSizeRel|Win32
		{7B1592DA-56C4-4341-9D2C-481972204802}.MinSizeRel|Win32.Build.0 = MinSizeRel|Win32
		{7B1592DA-56C4-4341-9D2C-481972204802}.RelWithDebInfo|Win32.ActiveCfg = RelWithDebInfo|Win32
		{7B1592DA-56C4-4341-9D2C-481972204802}.RelWithDebInfo|Win32.Build.0 = RelWithDebInfo|Win32
		{776AB425-D156-46BD-BC94-87C6825DE27A}.Debug|Win32.ActiveCfg = Debug|Win32
		{776AB425-D156-46BD-BC94-87C6825DE27A}.Debug|Win32.Build.0 = Debug|Win32
		{776AB425-D156-46BD-BC94-87C6825DE27A}.Release|Win32.ActiveCfg = Release|Win32
		{776AB425-D156-46BD-BC94-87C6825DE27A}.Release|Win32.Build.0 = Release|Win32
		{776AB425-D156-46BD-BC94-87C6825DE27A}.MinSizeRel|Win32.ActiveCfg = MinSizeRel|Win32
		{776AB425-D156-46BD-BC94-87C6825DE27A}.MinSizeRel|Win32.Build.0 = MinSizeRel|Win32
		{776AB425-D156-46BD-BC94-87C6825DE27A}.RelWithDebInfo|Win32.ActiveCfg = RelWithDebInfo|Win32
		{776AB425-D156-46BD-BC94-87C6825DE27A}.RelWithDebInfo|Win32.Build.0 = RelWithDebInfo|Win32
		{CB68BB44-9C8D-4214-A521-09DAEAEC9AEB}.Debug|Win32.ActiveCfg = Debug|Win32
		{CB68BB44-9C8D-4214-A521-09DAEAEC9AEB}.Debug|Win32.Build.0 = Debug|Win32
		{CB68BB44-9C8D-4214-A521-09DAEAEC9AEB}.Release|Win32.ActiveCfg = Release|Win32
		{CB68BB44-9C8D-4214-A521-09DAEAEC9AEB}.Release|Win32.Build.0 = Release|Win32
		{CB68BB44-9C8D-4214-A521-09DAEAEC9AEB}.MinSizeRel|Win32.ActiveCfg = MinSizeRel|Win32
		{CB68BB44-9C8D-4214-A521-09DAEAEC9AEB}.MinSizeRel|Win32.Build.0 = MinSizeRel|Win32
		{CB68BB44-9C8D-4214-A521-09DAEAEC9AEB}.RelWithDebInfo|Win32.ActiveCfg = RelWithDebInfo|Win32
		{CB68BB44-9C8D-4214-A521-09DAEAEC9AEB}.RelWithDebInfo|Win32.Build.0 = RelWithDebInfo|Win32
		{E4E9B5E9-F146-44EB-8BC3-545F8C94B75D}.Debug|Win32.ActiveCfg = Debug|Win32
		{E4E9B5E9-F146-44EB-8BC3-545F8C94B75D}.Debug|Win32.Build.0 = Debug|Win32
		{E4E9B5E9-F146-44EB-8BC3-545F8C94B75D}.Release|Win32.ActiveCfg = Release|Win32
		{E4E9B5E9-F146-44EB-8BC3-545F8C94B75D}.Release|Win32.Build.0 = Release|Win32
		{E4E9B5E9-F146-44EB-8BC3-545F8C94B75D}.MinSizeRel|Win32.ActiveCfg = MinSizeRel|Win32
		{E4E9B5E9-F146-44EB-8BC3-545F8C94B75D}.MinSizeRel|Win32.Build.0 = MinSizeRel|Win32
		{E4E9B5E9-F146-44EB-8BC3-545F8C94B75D}.RelWithDebInfo|Win32.ActiveCfg = RelWithDebInfo|Win32
		{E4E9B5E9-F146-44EB-8BC3-545F8C94B75D}.RelWithDebInfo|Win32.Build.0 = RelWithDebInfo|Win32
		{FAFFFE5B-E934-4432-B5D1-A7E32C34F008}.Debug|Win32.ActiveCfg = Debug|Win32
		{FAFFFE5B-E934-4432-B5D1-A7E32C34F008}.Debug|Win32.Build.0 = Debug|Win32
		{FAFFFE5B-E934-4432-B5D1-A7E32C34F008}.Release|Win32.ActiveCfg = Release|Win32
		{FAFFFE5B-E934-4432-B5D1-A7E32C34F008}.Release|Win32.Build.0 = Release|Win32
		{FAFFFE5B-E934-4432-B5D1-A7E32C34F008}.MinSizeRel|Win32.ActiveCfg = MinSizeRel|Win32
		{FAFFFE5B-E934-4432-B5D1-A7E32C34F008}.MinSizeRel|Win32.Build.0 = MinSizeRel|Win32
		{FAFFFE5B-E934-4432-B5D1-A7E32C34F008}.RelWithDebInfo|Win32.ActiveCfg = RelWithDebInfo|Win32
		{FAFFFE5B-E934-4432-B5D1-A7E32C34F008}.RelWithDebInfo|Win32.Build.0 = RelWithDebInfo|Win32
		{16C454E7-EC29-47A0-930C-FACF3E491BBE}.Debug|Win32.ActiveCfg = Debug|Win32
		{16C454E7-EC29-47A0-930C-FACF3E491BBE}.Debug|Win32.Build.0 = Debug|Win32
		{16C454E7-EC29-47A0-930C-FACF3E491BBE}.Release|Win32.ActiveCfg = Release|Win32
		{16C454E7-EC29-47A0-930C-FACF3E491BBE}.Release|Win32.Build.0 = Release|Win32
		{16C454E7-EC29-47A0-930C-FACF3E491BBE}.MinSizeRel|Win32.ActiveCfg = MinSizeRel|Win32
		{16C454E7-EC29-47A0-930C-FACF3E491BBE}.MinSizeRel|Win32.Build.0 = MinSizeRel|Win32
		{16C454E7-EC29-47A0-930C-FACF3E491BBE}.RelWithDebInfo|Win32.ActiveCfg = RelWithDebInfo|Win32
		{16C454E7-EC29-47A0-930C-FACF3E491BBE}.RelWithDebInfo|Win32.Build.0 = RelWithDebInfo|Win32
		{3E920ED2-74C8-4392-9A28-E6A10FC603AF}.Debug|Win32.ActiveCfg = Debug|Win32
		{3E920ED2-74C8-4392-9A28-E6A10FC603AF}.Debug|Win32.Build.0 = Debug|Win32
		{3E920ED2-74C8-4392-9A28-E6A10FC603AF}.Release|Win32.ActiveCfg = Release|Win32
		{3E920ED2-74C8-4392-9A28-E6A10FC603AF}.Release|Win32.Build.0 = Release|Win32
		{3E920ED2-74C8-4392-9A28-E6A10FC603AF}.MinSizeRel|Win32.ActiveCfg = MinSizeRel|Win32
		{3E920ED2-74C8-4392-9A28-E6A10FC603AF}.MinSizeRel|Win32.Build.0 = MinSizeRel|Win32
		{3E920ED2-74C8-4392-9A28-E6A10FC603AF}.RelWithDebInfo|Win32.ActiveCfg = RelWithDebInfo|Win32
		{3E920ED2-74C8-4392-9A28-E6A10FC603AF}.RelWithDebInfo|Win32.Build.0 = RelWithDebInfo|Win32
		{ECA32386-62FB-4867-B1AD-2CD9F31B4AB9}.Debug|Win32.ActiveCfg = Debug|Win32
		{ECA32386-62FB-4867-B1AD-2CD9F31B4AB9}.Debug|Win32.Build.0 = Debug|Win32
		{ECA32386-62FB-4867-B1AD-2CD9F31B4AB9}.Release|Win32.ActiveCfg = Release|Win32
		{ECA32386-62FB-4867-B1AD-2CD9F31B4AB9}.Release|Win32.Build.0 = Release|Win32
		{ECA32386-62FB-4867-B1AD-2CD9F31B4AB9}.MinSizeRel|Win32.ActiveCfg = MinSizeRel|Win32
		{ECA32386-62FB-4867-B1AD-2CD9F31B4AB9}.MinSizeRel|Win32.Build.0 = MinSizeRel|Win32
		{ECA32386-62FB-4867-B1AD-2CD9F31B4AB9}.RelWithDebInfo|Win32.ActiveCfg = RelWithDebInfo|Win32
		{ECA32386-62FB-4867-B1AD-2CD9F31B4AB9}.RelWithDebInfo|Win32.Build.0 = RelWithDebInfo|Win32
		{9985E1AD-AFA3-4343-9807-E63BF4396ED2}.Debug|Win32.ActiveCfg = Debug|Win32
		{9985E1AD-AFA3-4343-9807-E63BF4396ED2}.Debug|Win32.Build.0 = Debug|Win32
		{9985E1AD-AFA3-4343-9807-E63BF4396ED2}.Release|Win32.ActiveCfg = Release|Win32
		{9985E1AD-AFA3-4343-9807-E63BF4396ED2}.Release|Win32.Build.0 = Release|Win32
		{9985E1AD-AFA3-4343-9807-E63BF4396ED2}.MinSizeRel|Win32.ActiveCfg = MinSizeRel|Win32
		{9985E1AD-AFA3-4343-9807-E63BF4396ED2}.MinSizeRel|Win32.Build.0 = MinSizeRel|Win32
		{9985E1AD-AFA3-4343-9807-E63BF4396ED2}.RelWithDebInfo|Win32.ActiveCfg = RelWithDebInfo|Win32
		{9985E1AD-AFA3-4343-9807-E63BF4396ED2}.RelWithDebInfo|Win32.Build.0 = RelWithDebInfo|Win32
		{04F4868B-5F6E-4B76-B216-9AF054D59000}.Debug|Win32.ActiveCfg = Debug|Win32
		{04F4868B-5F6E-4B76-B216-9AF054D59000}.Debug|Win32.Build.0 = Debug|Win32
		{04F4868B-5F6E-4B76-B216-9AF054D59000}.Release|Win32.ActiveCfg = Release|Win32
		{04F4868B-5F6E-4B76-B216-9AF054D59000}.Release|Win32.Build.0 = Release|Win32
		{04F4868B-5F6E-4B76-B216-9AF054D59000}.MinSizeRel|Win32.ActiveCfg = MinSizeRel|Win32
		{04F4868B-5F6E-4B76-B216-9AF054D59000}.MinSizeRel|Win32.Build.0 = MinSizeRel|Win32
		{04F4868B-5F6E-4B76-B216-9AF054D59000}.RelWithDebInfo|Win32.ActiveCfg = RelWithDebInfo|Win32
		{04F4868B-5F6E-4B76-B216-9AF054D59000}.RelWithDebInfo|Win32.Build.0 = RelWithDebInfo|Win32
		{CEBB4936-7DF6-49FD-9B9B-6F6D4DDB5AE1}.Debug|Win32.ActiveCfg = Debug|Win32
		{CEBB4936-7DF6-49FD-9B9B-6F6D4DDB5AE1}.Debug|Win32.Build.0 = Debug|Win32
		{CEBB4936-7DF6-49FD-9B9B-6F6D4DDB5AE1}.Release|Win32.ActiveCfg = Release|Win32
		{CEBB4936-7DF6-49FD-9B9B-6F6D4DDB5AE1}.Release|Win32.Build.0 = Release|Win32
		{CEBB4936-7DF6-49FD-9B9B-6F6D4DDB5AE1}.MinSizeRel|Win32.ActiveCfg = MinSizeRel|Win32
		{CEBB4936-7DF6-49FD-9B9B-6F6D4DDB5AE1}.MinSizeRel|Win32.Build.0 = MinSizeRel|Win32
		{CEBB4936-7DF6-49FD-9B9B-6F6D4DDB5AE1}.RelWithDebInfo|Win32.ActiveCfg = RelWithDebInfo|Win32
		{CEBB4936-7DF6-49FD-9B9B-6F6D4DDB5AE1}.RelWithDebInfo|Win32.Build.0 = RelWithDebInfo|Win32
		{5040F103-F3D5-48DC-8703-0CA37AC0F667}.Debug|Win32.ActiveCfg = Debug|Win32
		{5040F103-F3D5-48DC-8703-0CA37AC0F667}.Debug|Win32.Build.0 = Debug|Win32
		{5040F103-F3D5-48DC-8703-0CA37AC0F667}.Release|Win32.ActiveCfg = Release|Win32
		{5040F103-F3D5-48DC-8703-0CA37AC0F667}.Release|Win32.Build.0 = Release|Win32
		{5040F103-F3D5-48DC-8703-0CA37AC0F667}.MinSizeRel|Win32.ActiveCfg = MinSizeRel|Win32
		{5040F103-F3D5-48DC-8703-0CA37AC0F667}.MinSizeRel|Win32.Build.0 = MinSizeRel|Win32
		{5040F103-F3D5-48DC-8703-0CA37AC0F667}.RelWithDebInfo|Win32.ActiveCfg = RelWithDebInfo|Win32
		{5040F103-F3D5-48DC-8703-0CA37AC0F667}.RelWithDebInfo|Win32.Build.0 = RelWithDebInfo|Win32
		{C708D11A-9279-4835-854D-294073E168C0}.Debug|Win32.ActiveCfg = Debug|Win32
		{C708D11A-9279-4835-854D-294073E168C0}.Release|Win32.ActiveCfg = Release|Win32
		{C708D11A-9279-4835-854D-294073E168C0}.MinSizeRel|Win32.ActiveCfg = MinSizeRel|Win32
		{C708D11A-9279-4835-854D-294073E168C0}.RelWithDebInfo|Win32.ActiveCfg = RelWithDebInfo|Win32
	EndGlobalSection
	GlobalSection(ExtensibilityGlobals) = postSolution
	EndGlobalSection
	GlobalSection(ExtensibilityAddIns) = postSolution
	EndGlobalSection
EndGlobal
