<?xml version="1.0" encoding="Windows-1252"?>
<Project ToolsVersion="12.0" xmlns="http://schemas.microsoft.com/developer/msbuild/2003">
  <ItemGroup>
    <CustomBuild Include="C:\Projects\DifferenceFormatter\projects\sdks\CMakeFiles\741ec22419afc67b5522a9a41c81a609\PACKAGE_force.rule">
      <Filter>CMake Rules</Filter>
    </CustomBuild>
  </ItemGroup>
  <ItemGroup>
    <Filter Include="CMake Rules">
      <UniqueIdentifier>{B422E4E0-B33B-430A-9E08-212561ED20B0}</UniqueIdentifier>
    </Filter>
  </ItemGroup>
</Project>
