Microsoft Visual Studio Solution File, Format Version 12.00
# Visual Studio 2013
Project("{8BC9CEB8-8B4A-11D0-8D11-00A0C91BC942}") = "ALL_BUILD", "ALL_BUILD.vcxproj", "{B0FE0E03-4E15-4978-98CA-52F57DB8AE40}"
	ProjectSection(ProjectDependencies) = postProject
		{1A4B1DEE-BE1E-4164-A8D9-38D23C33EAE1} = {1A4B1DEE-BE1E-4164-A8D9-38D23C33EAE1}
		{900AB5FD-4225-480B-9778-D7EBA53CA166} = {900AB5FD-4225-480B-9778-D7EBA53CA166}
	EndProjectSection
EndProject
Project("{8BC9CEB8-8B4A-11D0-8D11-00A0C91BC942}") = "INSTALL", "INSTALL.vcxproj", "{B5B2C911-1225-4512-A23A-58E795358A1A}"
	ProjectSection(ProjectDependencies) = postProject
		{B0FE0E03-4E15-4978-98CA-52F57DB8AE40} = {B0FE0E03-4E15-4978-98CA-52F57DB8AE40}
	EndProjectSection
EndProject
Project("{8BC9CEB8-8B4A-11D0-8D11-00A0C91BC942}") = "PACKAGE", "PACKAGE.vcxproj", "{BA3F5583-6FC4-4987-B612-7CD2C0EF79D9}"
	ProjectSection(ProjectDependencies) = postProject
		{B0FE0E03-4E15-4978-98CA-52F57DB8AE40} = {B0FE0E03-4E15-4978-98CA-52F57DB8AE40}
	EndProjectSection
EndProject
Project("{8BC9CEB8-8B4A-11D0-8D11-00A0C91BC942}") = "TestUnitTest++", "TestUnitTest++.vcxproj", "{1A4B1DEE-BE1E-4164-A8D9-38D23C33EAE1}"
	ProjectSection(ProjectDependencies) = postProject
		{900AB5FD-4225-480B-9778-D7EBA53CA166} = {900AB5FD-4225-480B-9778-D7EBA53CA166}
		{5040F103-F3D5-48DC-8703-0CA37AC0F667} = {5040F103-F3D5-48DC-8703-0CA37AC0F667}
	EndProjectSection
EndProject
Project("{8BC9CEB8-8B4A-11D0-8D11-00A0C91BC942}") = "UnitTest++", "UnitTest++.vcxproj", "{900AB5FD-4225-480B-9778-D7EBA53CA166}"
	ProjectSection(ProjectDependencies) = postProject
		{5040F103-F3D5-48DC-8703-0CA37AC0F667} = {5040F103-F3D5-48DC-8703-0CA37AC0F667}
	EndProjectSection
EndProject
Project("{8BC9CEB8-8B4A-11D0-8D11-00A0C91BC942}") = "ZERO_CHECK", "..\ZERO_CHECK.vcxproj", "{5040F103-F3D5-48DC-8703-0CA37AC0F667}"
	ProjectSection(ProjectDependencies) = postProject
	EndProjectSection
EndProject
Project("{8BC9CEB8-8B4A-11D0-8D11-00A0C91BC942}") = "check", "check.vcxproj", "{40653319-5CC0-4576-8E28-2D3F430D6DFA}"
	ProjectSection(ProjectDependencies) = postProject
		{1A4B1DEE-BE1E-4164-A8D9-38D23C33EAE1} = {1A4B1DEE-BE1E-4164-A8D9-38D23C33EAE1}
		{5040F103-F3D5-48DC-8703-0CA37AC0F667} = {5040F103-F3D5-48DC-8703-0CA37AC0F667}
	EndProjectSection
EndProject
Global
	GlobalSection(SolutionConfigurationPlatforms) = preSolution
		Debug|Win32 = Debug|Win32
		Release|Win32 = Release|Win32
		MinSizeRel|Win32 = MinSizeRel|Win32
		RelWithDebInfo|Win32 = RelWithDebInfo|Win32
	EndGlobalSection
	GlobalSection(ProjectConfigurationPlatforms) = postSolution
		{B0FE0E03-4E15-4978-98CA-52F57DB8AE40}.Debug|Win32.ActiveCfg = Debug|Win32
		{B0FE0E03-4E15-4978-98CA-52F57DB8AE40}.Debug|Win32.Build.0 = Debug|Win32
		{B0FE0E03-4E15-4978-98CA-52F57DB8AE40}.Release|Win32.ActiveCfg = Release|Win32
		{B0FE0E03-4E15-4978-98CA-52F57DB8AE40}.Release|Win32.Build.0 = Release|Win32
		{B0FE0E03-4E15-4978-98CA-52F57DB8AE40}.MinSizeRel|Win32.ActiveCfg = MinSizeRel|Win32
		{B0FE0E03-4E15-4978-98CA-52F57DB8AE40}.MinSizeRel|Win32.Build.0 = MinSizeRel|Win32
		{B0FE0E03-4E15-4978-98CA-52F57DB8AE40}.RelWithDebInfo|Win32.ActiveCfg = RelWithDebInfo|Win32
		{B0FE0E03-4E15-4978-98CA-52F57DB8AE40}.RelWithDebInfo|Win32.Build.0 = RelWithDebInfo|Win32
		{B5B2C911-1225-4512-A23A-58E795358A1A}.Debug|Win32.ActiveCfg = Debug|Win32
		{B5B2C911-1225-4512-A23A-58E795358A1A}.Release|Win32.ActiveCfg = Release|Win32
		{B5B2C911-1225-4512-A23A-58E795358A1A}.MinSizeRel|Win32.ActiveCfg = MinSizeRel|Win32
		{B5B2C911-1225-4512-A23A-58E795358A1A}.RelWithDebInfo|Win32.ActiveCfg = RelWithDebInfo|Win32
		{BA3F5583-6FC4-4987-B612-7CD2C0EF79D9}.Debug|Win32.ActiveCfg = Debug|Win32
		{BA3F5583-6FC4-4987-B612-7CD2C0EF79D9}.Release|Win32.ActiveCfg = Release|Win32
		{BA3F5583-6FC4-4987-B612-7CD2C0EF79D9}.MinSizeRel|Win32.ActiveCfg = MinSizeRel|Win32
		{BA3F5583-6FC4-4987-B612-7CD2C0EF79D9}.RelWithDebInfo|Win32.ActiveCfg = RelWithDebInfo|Win32
		{1A4B1DEE-BE1E-4164-A8D9-38D23C33EAE1}.Debug|Win32.ActiveCfg = Debug|Win32
		{1A4B1DEE-BE1E-4164-A8D9-38D23C33EAE1}.Debug|Win32.Build.0 = Debug|Win32
		{1A4B1DEE-BE1E-4164-A8D9-38D23C33EAE1}.Release|Win32.ActiveCfg = Release|Win32
		{1A4B1DEE-BE1E-4164-A8D9-38D23C33EAE1}.Release|Win32.Build.0 = Release|Win32
		{1A4B1DEE-BE1E-4164-A8D9-38D23C33EAE1}.MinSizeRel|Win32.ActiveCfg = MinSizeRel|Win32
		{1A4B1DEE-BE1E-4164-A8D9-38D23C33EAE1}.MinSizeRel|Win32.Build.0 = MinSizeRel|Win32
		{1A4B1DEE-BE1E-4164-A8D9-38D23C33EAE1}.RelWithDebInfo|Win32.ActiveCfg = RelWithDebInfo|Win32
		{1A4B1DEE-BE1E-4164-A8D9-38D23C33EAE1}.RelWithDebInfo|Win32.Build.0 = RelWithDebInfo|Win32
		{900AB5FD-4225-480B-9778-D7EBA53CA166}.Debug|Win32.ActiveCfg = Debug|Win32
		{900AB5FD-4225-480B-9778-D7EBA53CA166}.Debug|Win32.Build.0 = Debug|Win32
		{900AB5FD-4225-480B-9778-D7EBA53CA166}.Release|Win32.ActiveCfg = Release|Win32
		{900AB5FD-4225-480B-9778-D7EBA53CA166}.Release|Win32.Build.0 = Release|Win32
		{900AB5FD-4225-480B-9778-D7EBA53CA166}.MinSizeRel|Win32.ActiveCfg = MinSizeRel|Win32
		{900AB5FD-4225-480B-9778-D7EBA53CA166}.MinSizeRel|Win32.Build.0 = MinSizeRel|Win32
		{900AB5FD-4225-480B-9778-D7EBA53CA166}.RelWithDebInfo|Win32.ActiveCfg = RelWithDebInfo|Win32
		{900AB5FD-4225-480B-9778-D7EBA53CA166}.RelWithDebInfo|Win32.Build.0 = RelWithDebInfo|Win32
		{5040F103-F3D5-48DC-8703-0CA37AC0F667}.Debug|Win32.ActiveCfg = Debug|Win32
		{5040F103-F3D5-48DC-8703-0CA37AC0F667}.Debug|Win32.Build.0 = Debug|Win32
		{5040F103-F3D5-48DC-8703-0CA37AC0F667}.Release|Win32.ActiveCfg = Release|Win32
		{5040F103-F3D5-48DC-8703-0CA37AC0F667}.Release|Win32.Build.0 = Release|Win32
		{5040F103-F3D5-48DC-8703-0CA37AC0F667}.MinSizeRel|Win32.ActiveCfg = MinSizeRel|Win32
		{5040F103-F3D5-48DC-8703-0CA37AC0F667}.MinSizeRel|Win32.Build.0 = MinSizeRel|Win32
		{5040F103-F3D5-48DC-8703-0CA37AC0F667}.RelWithDebInfo|Win32.ActiveCfg = RelWithDebInfo|Win32
		{5040F103-F3D5-48DC-8703-0CA37AC0F667}.RelWithDebInfo|Win32.Build.0 = RelWithDebInfo|Win32
		{40653319-5CC0-4576-8E28-2D3F430D6DFA}.Debug|Win32.ActiveCfg = Debug|Win32
		{40653319-5CC0-4576-8E28-2D3F430D6DFA}.Release|Win32.ActiveCfg = Release|Win32
		{40653319-5CC0-4576-8E28-2D3F430D6DFA}.MinSizeRel|Win32.ActiveCfg = MinSizeRel|Win32
		{40653319-5CC0-4576-8E28-2D3F430D6DFA}.RelWithDebInfo|Win32.ActiveCfg = RelWithDebInfo|Win32
	EndGlobalSection
	GlobalSection(ExtensibilityGlobals) = postSolution
	EndGlobalSection
	GlobalSection(ExtensibilityAddIns) = postSolution
	EndGlobalSection
EndGlobal
