Microsoft Visual Studio Solution File, Format Version 12.00
# Visual Studio 2013
Project("{8BC9CEB8-8B4A-11D0-8D11-00A0C91BC942}") = "ALL_BUILD", "ALL_BUILD.vcxproj", "{AE1C9776-992D-490A-914F-E774AFFA7872}"
	ProjectSection(ProjectDependencies) = postProject
		{B2C8D510-A0FB-475D-B84F-DC19DCCAF8ED} = {B2C8D510-A0FB-475D-B84F-DC19DCCAF8ED}
		{F5CCDC3B-A708-4028-ABD6-EA9DE2211F82} = {F5CCDC3B-A708-4028-ABD6-EA9DE2211F82}
		{EB2C6A74-44C5-4563-B4EE-11FA22647483} = {EB2C6A74-44C5-4563-B4EE-11FA22647483}
		{E53F82DC-DD3B-448A-9172-F1E638AF3B59} = {E53F82DC-DD3B-448A-9172-F1E638AF3B59}
		{ECBA5B87-166B-488C-9A92-964487946A0E} = {ECBA5B87-166B-488C-9A92-964487946A0E}
		{C2E3C7CD-8FDF-4F34-A9F4-7191F79571E3} = {C2E3C7CD-8FDF-4F34-A9F4-7191F79571E3}
		{8D10B351-8545-4DBC-8FB5-963EA62BC4F4} = {8D10B351-8545-4DBC-8FB5-963EA62BC4F4}
		{FAB0C8D9-86B2-4602-991D-7D47EA54A049} = {FAB0C8D9-86B2-4602-991D-7D47EA54A049}
		{91E74AF5-9F49-48E8-91BC-0B9974A3FF29} = {91E74AF5-9F49-48E8-91BC-0B9974A3FF29}
		{FA364379-C200-4B31-A1D7-08F0BA291D7B} = {FA364379-C200-4B31-A1D7-08F0BA291D7B}
		{383D262E-8076-4F41-B09C-82CB7ACEC71B} = {383D262E-8076-4F41-B09C-82CB7ACEC71B}
		{CBC22772-35E9-4A51-96FF-1E6F7F7D4CD1} = {CBC22772-35E9-4A51-96FF-1E6F7F7D4CD1}
		{C88E396B-AF46-427D-BB2E-A4449C33C0C0} = {C88E396B-AF46-427D-BB2E-A4449C33C0C0}
		{FE5D8EA6-4158-4D00-AEA3-43DEB2757503} = {FE5D8EA6-4158-4D00-AEA3-43DEB2757503}
		{04724A88-942F-4335-9603-DC77782AE990} = {04724A88-942F-4335-9603-DC77782AE990}
	EndProjectSection
EndProject
Project("{8BC9CEB8-8B4A-11D0-8D11-00A0C91BC942}") = "CTemplatePythonGeneratedFiles", "ctemplate\CTemplatePythonGeneratedFiles.vcxproj", "{872519EB-CFD6-4FB4-930F-30F57F80D861}"
	ProjectSection(ProjectDependencies) = postProject
		{FE5D8EA6-4158-4D00-AEA3-43DEB2757503} = {FE5D8EA6-4158-4D00-AEA3-43DEB2757503}
	EndProjectSection
EndProject
Project("{8BC9CEB8-8B4A-11D0-8D11-00A0C91BC942}") = "INSTALL", "INSTALL.vcxproj", "{5A68576D-0A46-4C79-823E-B939728F9801}"
	ProjectSection(ProjectDependencies) = postProject
		{AE1C9776-992D-490A-914F-E774AFFA7872} = {AE1C9776-992D-490A-914F-E774AFFA7872}
	EndProjectSection
EndProject
Project("{8BC9CEB8-8B4A-11D0-8D11-00A0C91BC942}") = "PACKAGE", "PACKAGE.vcxproj", "{3FA3D111-0EE1-4CA6-9C34-64B2D5C70D73}"
	ProjectSection(ProjectDependencies) = postProject
		{AE1C9776-992D-490A-914F-E774AFFA7872} = {AE1C9776-992D-490A-914F-E774AFFA7872}
	EndProjectSection
EndProject
Project("{8BC9CEB8-8B4A-11D0-8D11-00A0C91BC942}") = "PocoData", "poco-1.5.3\Data\PocoData.vcxproj", "{B2C8D510-A0FB-475D-B84F-DC19DCCAF8ED}"
	ProjectSection(ProjectDependencies) = postProject
		{E53F82DC-DD3B-448A-9172-F1E638AF3B59} = {E53F82DC-DD3B-448A-9172-F1E638AF3B59}
		{FE5D8EA6-4158-4D00-AEA3-43DEB2757503} = {FE5D8EA6-4158-4D00-AEA3-43DEB2757503}
	EndProjectSection
EndProject
Project("{8BC9CEB8-8B4A-11D0-8D11-00A0C91BC942}") = "PocoDataODBC", "poco-1.5.3\Data\ODBC\PocoDataODBC.vcxproj", "{F5CCDC3B-A708-4028-ABD6-EA9DE2211F82}"
	ProjectSection(ProjectDependencies) = postProject
		{B2C8D510-A0FB-475D-B84F-DC19DCCAF8ED} = {B2C8D510-A0FB-475D-B84F-DC19DCCAF8ED}
		{E53F82DC-DD3B-448A-9172-F1E638AF3B59} = {E53F82DC-DD3B-448A-9172-F1E638AF3B59}
		{FE5D8EA6-4158-4D00-AEA3-43DEB2757503} = {FE5D8EA6-4158-4D00-AEA3-43DEB2757503}
	EndProjectSection
EndProject
Project("{8BC9CEB8-8B4A-11D0-8D11-00A0C91BC942}") = "PocoDataSQLite", "poco-1.5.3\Data\SQLite\PocoDataSQLite.vcxproj", "{EB2C6A74-44C5-4563-B4EE-11FA22647483}"
	ProjectSection(ProjectDependencies) = postProject
		{B2C8D510-A0FB-475D-B84F-DC19DCCAF8ED} = {B2C8D510-A0FB-475D-B84F-DC19DCCAF8ED}
		{E53F82DC-DD3B-448A-9172-F1E638AF3B59} = {E53F82DC-DD3B-448A-9172-F1E638AF3B59}
		{FE5D8EA6-4158-4D00-AEA3-43DEB2757503} = {FE5D8EA6-4158-4D00-AEA3-43DEB2757503}
	EndProjectSection
EndProject
Project("{8BC9CEB8-8B4A-11D0-8D11-00A0C91BC942}") = "PocoFoundation", "poco-1.5.3\Foundation\PocoFoundation.vcxproj", "{E53F82DC-DD3B-448A-9172-F1E638AF3B59}"
	ProjectSection(ProjectDependencies) = postProject
		{FE5D8EA6-4158-4D00-AEA3-43DEB2757503} = {FE5D8EA6-4158-4D00-AEA3-43DEB2757503}
	EndProjectSection
EndProject
Project("{8BC9CEB8-8B4A-11D0-8D11-00A0C91BC942}") = "PocoJSON", "poco-1.5.3\JSON\PocoJSON.vcxproj", "{ECBA5B87-166B-488C-9A92-964487946A0E}"
	ProjectSection(ProjectDependencies) = postProject
		{E53F82DC-DD3B-448A-9172-F1E638AF3B59} = {E53F82DC-DD3B-448A-9172-F1E638AF3B59}
		{FE5D8EA6-4158-4D00-AEA3-43DEB2757503} = {FE5D8EA6-4158-4D00-AEA3-43DEB2757503}
	EndProjectSection
EndProject
Project("{8BC9CEB8-8B4A-11D0-8D11-00A0C91BC942}") = "PocoMongoDB", "poco-1.5.3\MongoDB\PocoMongoDB.vcxproj", "{C2E3C7CD-8FDF-4F34-A9F4-7191F79571E3}"
	ProjectSection(ProjectDependencies) = postProject
		{E53F82DC-DD3B-448A-9172-F1E638AF3B59} = {E53F82DC-DD3B-448A-9172-F1E638AF3B59}
		{8D10B351-8545-4DBC-8FB5-963EA62BC4F4} = {8D10B351-8545-4DBC-8FB5-963EA62BC4F4}
		{FE5D8EA6-4158-4D00-AEA3-43DEB2757503} = {FE5D8EA6-4158-4D00-AEA3-43DEB2757503}
	EndProjectSection
EndProject
Project("{8BC9CEB8-8B4A-11D0-8D11-00A0C91BC942}") = "PocoNet", "poco-1.5.3\Net\PocoNet.vcxproj", "{8D10B351-8545-4DBC-8FB5-963EA62BC4F4}"
	ProjectSection(ProjectDependencies) = postProject
		{E53F82DC-DD3B-448A-9172-F1E638AF3B59} = {E53F82DC-DD3B-448A-9172-F1E638AF3B59}
		{FE5D8EA6-4158-4D00-AEA3-43DEB2757503} = {FE5D8EA6-4158-4D00-AEA3-43DEB2757503}
	EndProjectSection
EndProject
Project("{8BC9CEB8-8B4A-11D0-8D11-00A0C91BC942}") = "PocoPDF", "poco-1.5.3\PDF\PocoPDF.vcxproj", "{FAB0C8D9-86B2-4602-991D-7D47EA54A049}"
	ProjectSection(ProjectDependencies) = postProject
		{E53F82DC-DD3B-448A-9172-F1E638AF3B59} = {E53F82DC-DD3B-448A-9172-F1E638AF3B59}
		{FE5D8EA6-4158-4D00-AEA3-43DEB2757503} = {FE5D8EA6-4158-4D00-AEA3-43DEB2757503}
	EndProjectSection
EndProject
Project("{8BC9CEB8-8B4A-11D0-8D11-00A0C91BC942}") = "PocoUtil", "poco-1.5.3\Util\PocoUtil.vcxproj", "{91E74AF5-9F49-48E8-91BC-0B9974A3FF29}"
	ProjectSection(ProjectDependencies) = postProject
		{E53F82DC-DD3B-448A-9172-F1E638AF3B59} = {E53F82DC-DD3B-448A-9172-F1E638AF3B59}
		{ECBA5B87-166B-488C-9A92-964487946A0E} = {ECBA5B87-166B-488C-9A92-964487946A0E}
		{FA364379-C200-4B31-A1D7-08F0BA291D7B} = {FA364379-C200-4B31-A1D7-08F0BA291D7B}
		{FE5D8EA6-4158-4D00-AEA3-43DEB2757503} = {FE5D8EA6-4158-4D00-AEA3-43DEB2757503}
	EndProjectSection
EndProject
Project("{8BC9CEB8-8B4A-11D0-8D11-00A0C91BC942}") = "PocoXML", "poco-1.5.3\XML\PocoXML.vcxproj", "{FA364379-C200-4B31-A1D7-08F0BA291D7B}"
	ProjectSection(ProjectDependencies) = postProject
		{E53F82DC-DD3B-448A-9172-F1E638AF3B59} = {E53F82DC-DD3B-448A-9172-F1E638AF3B59}
		{FE5D8EA6-4158-4D00-AEA3-43DEB2757503} = {FE5D8EA6-4158-4D00-AEA3-43DEB2757503}
	EndProjectSection
EndProject
Project("{8BC9CEB8-8B4A-11D0-8D11-00A0C91BC942}") = "PocoZip", "poco-1.5.3\Zip\PocoZip.vcxproj", "{383D262E-8076-4F41-B09C-82CB7ACEC71B}"
	ProjectSection(ProjectDependencies) = postProject
		{E53F82DC-DD3B-448A-9172-F1E638AF3B59} = {E53F82DC-DD3B-448A-9172-F1E638AF3B59}
		{ECBA5B87-166B-488C-9A92-964487946A0E} = {ECBA5B87-166B-488C-9A92-964487946A0E}
		{91E74AF5-9F49-48E8-91BC-0B9974A3FF29} = {91E74AF5-9F49-48E8-91BC-0B9974A3FF29}
		{FA364379-C200-4B31-A1D7-08F0BA291D7B} = {FA364379-C200-4B31-A1D7-08F0BA291D7B}
		{FE5D8EA6-4158-4D00-AEA3-43DEB2757503} = {FE5D8EA6-4158-4D00-AEA3-43DEB2757503}
	EndProjectSection
EndProject
Project("{8BC9CEB8-8B4A-11D0-8D11-00A0C91BC942}") = "TestUnitTest++", "unittest++\TestUnitTest++.vcxproj", "{CBC22772-35E9-4A51-96FF-1E6F7F7D4CD1}"
	ProjectSection(ProjectDependencies) = postProject
		{C88E396B-AF46-427D-BB2E-A4449C33C0C0} = {C88E396B-AF46-427D-BB2E-A4449C33C0C0}
		{FE5D8EA6-4158-4D00-AEA3-43DEB2757503} = {FE5D8EA6-4158-4D00-AEA3-43DEB2757503}
	EndProjectSection
EndProject
Project("{8BC9CEB8-8B4A-11D0-8D11-00A0C91BC942}") = "UnitTest++", "unittest++\UnitTest++.vcxproj", "{C88E396B-AF46-427D-BB2E-A4449C33C0C0}"
	ProjectSection(ProjectDependencies) = postProject
		{FE5D8EA6-4158-4D00-AEA3-43DEB2757503} = {FE5D8EA6-4158-4D00-AEA3-43DEB2757503}
	EndProjectSection
EndProject
Project("{8BC9CEB8-8B4A-11D0-8D11-00A0C91BC942}") = "ZERO_CHECK", "ZERO_CHECK.vcxproj", "{FE5D8EA6-4158-4D00-AEA3-43DEB2757503}"
	ProjectSection(ProjectDependencies) = postProject
	EndProjectSection
EndProject
Project("{8BC9CEB8-8B4A-11D0-8D11-00A0C91BC942}") = "check", "unittest++\check.vcxproj", "{B2B2ADFE-5486-47DF-A446-E578AFA80BF6}"
	ProjectSection(ProjectDependencies) = postProject
		{CBC22772-35E9-4A51-96FF-1E6F7F7D4CD1} = {CBC22772-35E9-4A51-96FF-1E6F7F7D4CD1}
		{FE5D8EA6-4158-4D00-AEA3-43DEB2757503} = {FE5D8EA6-4158-4D00-AEA3-43DEB2757503}
	EndProjectSection
EndProject
Project("{8BC9CEB8-8B4A-11D0-8D11-00A0C91BC942}") = "ctemplate", "ctemplate\ctemplate.vcxproj", "{04724A88-942F-4335-9603-DC77782AE990}"
	ProjectSection(ProjectDependencies) = postProject
		{872519EB-CFD6-4FB4-930F-30F57F80D861} = {872519EB-CFD6-4FB4-930F-30F57F80D861}
		{FE5D8EA6-4158-4D00-AEA3-43DEB2757503} = {FE5D8EA6-4158-4D00-AEA3-43DEB2757503}
	EndProjectSection
EndProject
Project("{8BC9CEB8-8B4A-11D0-8D11-00A0C91BC942}") = "uninstall", "poco-1.5.3\uninstall.vcxproj", "{E42A71A3-30FF-4264-A9A9-A883109EDB9F}"
	ProjectSection(ProjectDependencies) = postProject
		{FE5D8EA6-4158-4D00-AEA3-43DEB2757503} = {FE5D8EA6-4158-4D00-AEA3-43DEB2757503}
	EndProjectSection
EndProject
Global
	GlobalSection(SolutionConfigurationPlatforms) = preSolution
		Debug|Win32 = Debug|Win32
		Release|Win32 = Release|Win32
		MinSizeRel|Win32 = MinSizeRel|Win32
		RelWithDebInfo|Win32 = RelWithDebInfo|Win32
	EndGlobalSection
	GlobalSection(ProjectConfigurationPlatforms) = postSolution
		{AE1C9776-992D-490A-914F-E774AFFA7872}.Debug|Win32.ActiveCfg = Debug|Win32
		{AE1C9776-992D-490A-914F-E774AFFA7872}.Debug|Win32.Build.0 = Debug|Win32
		{AE1C9776-992D-490A-914F-E774AFFA7872}.Release|Win32.ActiveCfg = Release|Win32
		{AE1C9776-992D-490A-914F-E774AFFA7872}.Release|Win32.Build.0 = Release|Win32
		{AE1C9776-992D-490A-914F-E774AFFA7872}.MinSizeRel|Win32.ActiveCfg = MinSizeRel|Win32
		{AE1C9776-992D-490A-914F-E774AFFA7872}.MinSizeRel|Win32.Build.0 = MinSizeRel|Win32
		{AE1C9776-992D-490A-914F-E774AFFA7872}.RelWithDebInfo|Win32.ActiveCfg = RelWithDebInfo|Win32
		{AE1C9776-992D-490A-914F-E774AFFA7872}.RelWithDebInfo|Win32.Build.0 = RelWithDebInfo|Win32
		{872519EB-CFD6-4FB4-930F-30F57F80D861}.Debug|Win32.ActiveCfg = Debug|Win32
		{872519EB-CFD6-4FB4-930F-30F57F80D861}.Debug|Win32.Build.0 = Debug|Win32
		{872519EB-CFD6-4FB4-930F-30F57F80D861}.Release|Win32.ActiveCfg = Release|Win32
		{872519EB-CFD6-4FB4-930F-30F57F80D861}.Release|Win32.Build.0 = Release|Win32
		{872519EB-CFD6-4FB4-930F-30F57F80D861}.MinSizeRel|Win32.ActiveCfg = MinSizeRel|Win32
		{872519EB-CFD6-4FB4-930F-30F57F80D861}.MinSizeRel|Win32.Build.0 = MinSizeRel|Win32
		{872519EB-CFD6-4FB4-930F-30F57F80D861}.RelWithDebInfo|Win32.ActiveCfg = RelWithDebInfo|Win32
		{872519EB-CFD6-4FB4-930F-30F57F80D861}.RelWithDebInfo|Win32.Build.0 = RelWithDebInfo|Win32
		{5A68576D-0A46-4C79-823E-B939728F9801}.Debug|Win32.ActiveCfg = Debug|Win32
		{5A68576D-0A46-4C79-823E-B939728F9801}.Release|Win32.ActiveCfg = Release|Win32
		{5A68576D-0A46-4C79-823E-B939728F9801}.MinSizeRel|Win32.ActiveCfg = MinSizeRel|Win32
		{5A68576D-0A46-4C79-823E-B939728F9801}.RelWithDebInfo|Win32.ActiveCfg = RelWithDebInfo|Win32
		{3FA3D111-0EE1-4CA6-9C34-64B2D5C70D73}.Debug|Win32.ActiveCfg = Debug|Win32
		{3FA3D111-0EE1-4CA6-9C34-64B2D5C70D73}.Release|Win32.ActiveCfg = Release|Win32
		{3FA3D111-0EE1-4CA6-9C34-64B2D5C70D73}.MinSizeRel|Win32.ActiveCfg = MinSizeRel|Win32
		{3FA3D111-0EE1-4CA6-9C34-64B2D5C70D73}.RelWithDebInfo|Win32.ActiveCfg = RelWithDebInfo|Win32
		{B2C8D510-A0FB-475D-B84F-DC19DCCAF8ED}.Debug|Win32.ActiveCfg = Debug|Win32
		{B2C8D510-A0FB-475D-B84F-DC19DCCAF8ED}.Debug|Win32.Build.0 = Debug|Win32
		{B2C8D510-A0FB-475D-B84F-DC19DCCAF8ED}.Release|Win32.ActiveCfg = Release|Win32
		{B2C8D510-A0FB-475D-B84F-DC19DCCAF8ED}.Release|Win32.Build.0 = Release|Win32
		{B2C8D510-A0FB-475D-B84F-DC19DCCAF8ED}.MinSizeRel|Win32.ActiveCfg = MinSizeRel|Win32
		{B2C8D510-A0FB-475D-B84F-DC19DCCAF8ED}.MinSizeRel|Win32.Build.0 = MinSizeRel|Win32
		{B2C8D510-A0FB-475D-B84F-DC19DCCAF8ED}.RelWithDebInfo|Win32.ActiveCfg = RelWithDebInfo|Win32
		{B2C8D510-A0FB-475D-B84F-DC19DCCAF8ED}.RelWithDebInfo|Win32.Build.0 = RelWithDebInfo|Win32
		{F5CCDC3B-A708-4028-ABD6-EA9DE2211F82}.Debug|Win32.ActiveCfg = Debug|Win32
		{F5CCDC3B-A708-4028-ABD6-EA9DE2211F82}.Debug|Win32.Build.0 = Debug|Win32
		{F5CCDC3B-A708-4028-ABD6-EA9DE2211F82}.Release|Win32.ActiveCfg = Release|Win32
		{F5CCDC3B-A708-4028-ABD6-EA9DE2211F82}.Release|Win32.Build.0 = Release|Win32
		{F5CCDC3B-A708-4028-ABD6-EA9DE2211F82}.MinSizeRel|Win32.ActiveCfg = MinSizeRel|Win32
		{F5CCDC3B-A708-4028-ABD6-EA9DE2211F82}.MinSizeRel|Win32.Build.0 = MinSizeRel|Win32
		{F5CCDC3B-A708-4028-ABD6-EA9DE2211F82}.RelWithDebInfo|Win32.ActiveCfg = RelWithDebInfo|Win32
		{F5CCDC3B-A708-4028-ABD6-EA9DE2211F82}.RelWithDebInfo|Win32.Build.0 = RelWithDebInfo|Win32
		{EB2C6A74-44C5-4563-B4EE-11FA22647483}.Debug|Win32.ActiveCfg = Debug|Win32
		{EB2C6A74-44C5-4563-B4EE-11FA22647483}.Debug|Win32.Build.0 = Debug|Win32
		{EB2C6A74-44C5-4563-B4EE-11FA22647483}.Release|Win32.ActiveCfg = Release|Win32
		{EB2C6A74-44C5-4563-B4EE-11FA22647483}.Release|Win32.Build.0 = Release|Win32
		{EB2C6A74-44C5-4563-B4EE-11FA22647483}.MinSizeRel|Win32.ActiveCfg = MinSizeRel|Win32
		{EB2C6A74-44C5-4563-B4EE-11FA22647483}.MinSizeRel|Win32.Build.0 = MinSizeRel|Win32
		{EB2C6A74-44C5-4563-B4EE-11FA22647483}.RelWithDebInfo|Win32.ActiveCfg = RelWithDebInfo|Win32
		{EB2C6A74-44C5-4563-B4EE-11FA22647483}.RelWithDebInfo|Win32.Build.0 = RelWithDebInfo|Win32
		{E53F82DC-DD3B-448A-9172-F1E638AF3B59}.Debug|Win32.ActiveCfg = Debug|Win32
		{E53F82DC-DD3B-448A-9172-F1E638AF3B59}.Debug|Win32.Build.0 = Debug|Win32
		{E53F82DC-DD3B-448A-9172-F1E638AF3B59}.Release|Win32.ActiveCfg = Release|Win32
		{E53F82DC-DD3B-448A-9172-F1E638AF3B59}.Release|Win32.Build.0 = Release|Win32
		{E53F82DC-DD3B-448A-9172-F1E638AF3B59}.MinSizeRel|Win32.ActiveCfg = MinSizeRel|Win32
		{E53F82DC-DD3B-448A-9172-F1E638AF3B59}.MinSizeRel|Win32.Build.0 = MinSizeRel|Win32
		{E53F82DC-DD3B-448A-9172-F1E638AF3B59}.RelWithDebInfo|Win32.ActiveCfg = RelWithDebInfo|Win32
		{E53F82DC-DD3B-448A-9172-F1E638AF3B59}.RelWithDebInfo|Win32.Build.0 = RelWithDebInfo|Win32
		{ECBA5B87-166B-488C-9A92-964487946A0E}.Debug|Win32.ActiveCfg = Debug|Win32
		{ECBA5B87-166B-488C-9A92-964487946A0E}.Debug|Win32.Build.0 = Debug|Win32
		{ECBA5B87-166B-488C-9A92-964487946A0E}.Release|Win32.ActiveCfg = Release|Win32
		{ECBA5B87-166B-488C-9A92-964487946A0E}.Release|Win32.Build.0 = Release|Win32
		{ECBA5B87-166B-488C-9A92-964487946A0E}.MinSizeRel|Win32.ActiveCfg = MinSizeRel|Win32
		{ECBA5B87-166B-488C-9A92-964487946A0E}.MinSizeRel|Win32.Build.0 = MinSizeRel|Win32
		{ECBA5B87-166B-488C-9A92-964487946A0E}.RelWithDebInfo|Win32.ActiveCfg = RelWithDebInfo|Win32
		{ECBA5B87-166B-488C-9A92-964487946A0E}.RelWithDebInfo|Win32.Build.0 = RelWithDebInfo|Win32
		{C2E3C7CD-8FDF-4F34-A9F4-7191F79571E3}.Debug|Win32.ActiveCfg = Debug|Win32
		{C2E3C7CD-8FDF-4F34-A9F4-7191F79571E3}.Debug|Win32.Build.0 = Debug|Win32
		{C2E3C7CD-8FDF-4F34-A9F4-7191F79571E3}.Release|Win32.ActiveCfg = Release|Win32
		{C2E3C7CD-8FDF-4F34-A9F4-7191F79571E3}.Release|Win32.Build.0 = Release|Win32
		{C2E3C7CD-8FDF-4F34-A9F4-7191F79571E3}.MinSizeRel|Win32.ActiveCfg = MinSizeRel|Win32
		{C2E3C7CD-8FDF-4F34-A9F4-7191F79571E3}.MinSizeRel|Win32.Build.0 = MinSizeRel|Win32
		{C2E3C7CD-8FDF-4F34-A9F4-7191F79571E3}.RelWithDebInfo|Win32.ActiveCfg = RelWithDebInfo|Win32
		{C2E3C7CD-8FDF-4F34-A9F4-7191F79571E3}.RelWithDebInfo|Win32.Build.0 = RelWithDebInfo|Win32
		{8D10B351-8545-4DBC-8FB5-963EA62BC4F4}.Debug|Win32.ActiveCfg = Debug|Win32
		{8D10B351-8545-4DBC-8FB5-963EA62BC4F4}.Debug|Win32.Build.0 = Debug|Win32
		{8D10B351-8545-4DBC-8FB5-963EA62BC4F4}.Release|Win32.ActiveCfg = Release|Win32
		{8D10B351-8545-4DBC-8FB5-963EA62BC4F4}.Release|Win32.Build.0 = Release|Win32
		{8D10B351-8545-4DBC-8FB5-963EA62BC4F4}.MinSizeRel|Win32.ActiveCfg = MinSizeRel|Win32
		{8D10B351-8545-4DBC-8FB5-963EA62BC4F4}.MinSizeRel|Win32.Build.0 = MinSizeRel|Win32
		{8D10B351-8545-4DBC-8FB5-963EA62BC4F4}.RelWithDebInfo|Win32.ActiveCfg = RelWithDebInfo|Win32
		{8D10B351-8545-4DBC-8FB5-963EA62BC4F4}.RelWithDebInfo|Win32.Build.0 = RelWithDebInfo|Win32
		{FAB0C8D9-86B2-4602-991D-7D47EA54A049}.Debug|Win32.ActiveCfg = Debug|Win32
		{FAB0C8D9-86B2-4602-991D-7D47EA54A049}.Debug|Win32.Build.0 = Debug|Win32
		{FAB0C8D9-86B2-4602-991D-7D47EA54A049}.Release|Win32.ActiveCfg = Release|Win32
		{FAB0C8D9-86B2-4602-991D-7D47EA54A049}.Release|Win32.Build.0 = Release|Win32
		{FAB0C8D9-86B2-4602-991D-7D47EA54A049}.MinSizeRel|Win32.ActiveCfg = MinSizeRel|Win32
		{FAB0C8D9-86B2-4602-991D-7D47EA54A049}.MinSizeRel|Win32.Build.0 = MinSizeRel|Win32
		{FAB0C8D9-86B2-4602-991D-7D47EA54A049}.RelWithDebInfo|Win32.ActiveCfg = RelWithDebInfo|Win32
		{FAB0C8D9-86B2-4602-991D-7D47EA54A049}.RelWithDebInfo|Win32.Build.0 = RelWithDebInfo|Win32
		{91E74AF5-9F49-48E8-91BC-0B9974A3FF29}.Debug|Win32.ActiveCfg = Debug|Win32
		{91E74AF5-9F49-48E8-91BC-0B9974A3FF29}.Debug|Win32.Build.0 = Debug|Win32
		{91E74AF5-9F49-48E8-91BC-0B9974A3FF29}.Release|Win32.ActiveCfg = Release|Win32
		{91E74AF5-9F49-48E8-91BC-0B9974A3FF29}.Release|Win32.Build.0 = Release|Win32
		{91E74AF5-9F49-48E8-91BC-0B9974A3FF29}.MinSizeRel|Win32.ActiveCfg = MinSizeRel|Win32
		{91E74AF5-9F49-48E8-91BC-0B9974A3FF29}.MinSizeRel|Win32.Build.0 = MinSizeRel|Win32
		{91E74AF5-9F49-48E8-91BC-0B9974A3FF29}.RelWithDebInfo|Win32.ActiveCfg = RelWithDebInfo|Win32
		{91E74AF5-9F49-48E8-91BC-0B9974A3FF29}.RelWithDebInfo|Win32.Build.0 = RelWithDebInfo|Win32
		{FA364379-C200-4B31-A1D7-08F0BA291D7B}.Debug|Win32.ActiveCfg = Debug|Win32
		{FA364379-C200-4B31-A1D7-08F0BA291D7B}.Debug|Win32.Build.0 = Debug|Win32
		{FA364379-C200-4B31-A1D7-08F0BA291D7B}.Release|Win32.ActiveCfg = Release|Win32
		{FA364379-C200-4B31-A1D7-08F0BA291D7B}.Release|Win32.Build.0 = Release|Win32
		{FA364379-C200-4B31-A1D7-08F0BA291D7B}.MinSizeRel|Win32.ActiveCfg = MinSizeRel|Win32
		{FA364379-C200-4B31-A1D7-08F0BA291D7B}.MinSizeRel|Win32.Build.0 = MinSizeRel|Win32
		{FA364379-C200-4B31-A1D7-08F0BA291D7B}.RelWithDebInfo|Win32.ActiveCfg = RelWithDebInfo|Win32
		{FA364379-C200-4B31-A1D7-08F0BA291D7B}.RelWithDebInfo|Win32.Build.0 = RelWithDebInfo|Win32
		{383D262E-8076-4F41-B09C-82CB7ACEC71B}.Debug|Win32.ActiveCfg = Debug|Win32
		{383D262E-8076-4F41-B09C-82CB7ACEC71B}.Debug|Win32.Build.0 = Debug|Win32
		{383D262E-8076-4F41-B09C-82CB7ACEC71B}.Release|Win32.ActiveCfg = Release|Win32
		{383D262E-8076-4F41-B09C-82CB7ACEC71B}.Release|Win32.Build.0 = Release|Win32
		{383D262E-8076-4F41-B09C-82CB7ACEC71B}.MinSizeRel|Win32.ActiveCfg = MinSizeRel|Win32
		{383D262E-8076-4F41-B09C-82CB7ACEC71B}.MinSizeRel|Win32.Build.0 = MinSizeRel|Win32
		{383D262E-8076-4F41-B09C-82CB7ACEC71B}.RelWithDebInfo|Win32.ActiveCfg = RelWithDebInfo|Win32
		{383D262E-8076-4F41-B09C-82CB7ACEC71B}.RelWithDebInfo|Win32.Build.0 = RelWithDebInfo|Win32
		{CBC22772-35E9-4A51-96FF-1E6F7F7D4CD1}.Debug|Win32.ActiveCfg = Debug|Win32
		{CBC22772-35E9-4A51-96FF-1E6F7F7D4CD1}.Debug|Win32.Build.0 = Debug|Win32
		{CBC22772-35E9-4A51-96FF-1E6F7F7D4CD1}.Release|Win32.ActiveCfg = Release|Win32
		{CBC22772-35E9-4A51-96FF-1E6F7F7D4CD1}.Release|Win32.Build.0 = Release|Win32
		{CBC22772-35E9-4A51-96FF-1E6F7F7D4CD1}.MinSizeRel|Win32.ActiveCfg = MinSizeRel|Win32
		{CBC22772-35E9-4A51-96FF-1E6F7F7D4CD1}.MinSizeRel|Win32.Build.0 = MinSizeRel|Win32
		{CBC22772-35E9-4A51-96FF-1E6F7F7D4CD1}.RelWithDebInfo|Win32.ActiveCfg = RelWithDebInfo|Win32
		{CBC22772-35E9-4A51-96FF-1E6F7F7D4CD1}.RelWithDebInfo|Win32.Build.0 = RelWithDebInfo|Win32
		{C88E396B-AF46-427D-BB2E-A4449C33C0C0}.Debug|Win32.ActiveCfg = Debug|Win32
		{C88E396B-AF46-427D-BB2E-A4449C33C0C0}.Debug|Win32.Build.0 = Debug|Win32
		{C88E396B-AF46-427D-BB2E-A4449C33C0C0}.Release|Win32.ActiveCfg = Release|Win32
		{C88E396B-AF46-427D-BB2E-A4449C33C0C0}.Release|Win32.Build.0 = Release|Win32
		{C88E396B-AF46-427D-BB2E-A4449C33C0C0}.MinSizeRel|Win32.ActiveCfg = MinSizeRel|Win32
		{C88E396B-AF46-427D-BB2E-A4449C33C0C0}.MinSizeRel|Win32.Build.0 = MinSizeRel|Win32
		{C88E396B-AF46-427D-BB2E-A4449C33C0C0}.RelWithDebInfo|Win32.ActiveCfg = RelWithDebInfo|Win32
		{C88E396B-AF46-427D-BB2E-A4449C33C0C0}.RelWithDebInfo|Win32.Build.0 = RelWithDebInfo|Win32
		{FE5D8EA6-4158-4D00-AEA3-43DEB2757503}.Debug|Win32.ActiveCfg = Debug|Win32
		{FE5D8EA6-4158-4D00-AEA3-43DEB2757503}.Debug|Win32.Build.0 = Debug|Win32
		{FE5D8EA6-4158-4D00-AEA3-43DEB2757503}.Release|Win32.ActiveCfg = Release|Win32
		{FE5D8EA6-4158-4D00-AEA3-43DEB2757503}.Release|Win32.Build.0 = Release|Win32
		{FE5D8EA6-4158-4D00-AEA3-43DEB2757503}.MinSizeRel|Win32.ActiveCfg = MinSizeRel|Win32
		{FE5D8EA6-4158-4D00-AEA3-43DEB2757503}.MinSizeRel|Win32.Build.0 = MinSizeRel|Win32
		{FE5D8EA6-4158-4D00-AEA3-43DEB2757503}.RelWithDebInfo|Win32.ActiveCfg = RelWithDebInfo|Win32
		{FE5D8EA6-4158-4D00-AEA3-43DEB2757503}.RelWithDebInfo|Win32.Build.0 = RelWithDebInfo|Win32
		{B2B2ADFE-5486-47DF-A446-E578AFA80BF6}.Debug|Win32.ActiveCfg = Debug|Win32
		{B2B2ADFE-5486-47DF-A446-E578AFA80BF6}.Release|Win32.ActiveCfg = Release|Win32
		{B2B2ADFE-5486-47DF-A446-E578AFA80BF6}.MinSizeRel|Win32.ActiveCfg = MinSizeRel|Win32
		{B2B2ADFE-5486-47DF-A446-E578AFA80BF6}.RelWithDebInfo|Win32.ActiveCfg = RelWithDebInfo|Win32
		{04724A88-942F-4335-9603-DC77782AE990}.Debug|Win32.ActiveCfg = Debug|Win32
		{04724A88-942F-4335-9603-DC77782AE990}.Debug|Win32.Build.0 = Debug|Win32
		{04724A88-942F-4335-9603-DC77782AE990}.Release|Win32.ActiveCfg = Release|Win32
		{04724A88-942F-4335-9603-DC77782AE990}.Release|Win32.Build.0 = Release|Win32
		{04724A88-942F-4335-9603-DC77782AE990}.MinSizeRel|Win32.ActiveCfg = MinSizeRel|Win32
		{04724A88-942F-4335-9603-DC77782AE990}.MinSizeRel|Win32.Build.0 = MinSizeRel|Win32
		{04724A88-942F-4335-9603-DC77782AE990}.RelWithDebInfo|Win32.ActiveCfg = RelWithDebInfo|Win32
		{04724A88-942F-4335-9603-DC77782AE990}.RelWithDebInfo|Win32.Build.0 = RelWithDebInfo|Win32
		{E42A71A3-30FF-4264-A9A9-A883109EDB9F}.Debug|Win32.ActiveCfg = Debug|Win32
		{E42A71A3-30FF-4264-A9A9-A883109EDB9F}.Release|Win32.ActiveCfg = Release|Win32
		{E42A71A3-30FF-4264-A9A9-A883109EDB9F}.MinSizeRel|Win32.ActiveCfg = MinSizeRel|Win32
		{E42A71A3-30FF-4264-A9A9-A883109EDB9F}.RelWithDebInfo|Win32.ActiveCfg = RelWithDebInfo|Win32
	EndGlobalSection
	GlobalSection(ExtensibilityGlobals) = postSolution
	EndGlobalSection
	GlobalSection(ExtensibilityAddIns) = postSolution
	EndGlobalSection
EndGlobal
