<?xml version="1.0" encoding="Windows-1252"?>
<Project ToolsVersion="12.0" xmlns="http://schemas.microsoft.com/developer/msbuild/2003">
  <ItemGroup>
    <ClCompile Include="C:\Projects\DifferenceFormatter\src\sdks\poco-1.5.3\Net\src\AbstractHTTPRequestHandler.cpp">
      <Filter>Source Files</Filter>
    </ClCompile>
    <ClCompile Include="C:\Projects\DifferenceFormatter\src\sdks\poco-1.5.3\Net\src\DatagramSocket.cpp">
      <Filter>Source Files</Filter>
    </ClCompile>
    <ClCompile Include="C:\Projects\DifferenceFormatter\src\sdks\poco-1.5.3\Net\src\DatagramSocketImpl.cpp">
      <Filter>Source Files</Filter>
    </ClCompile>
    <ClCompile Include="C:\Projects\DifferenceFormatter\src\sdks\poco-1.5.3\Net\src\DialogSocket.cpp">
      <Filter>Source Files</Filter>
    </ClCompile>
    <ClCompile Include="C:\Projects\DifferenceFormatter\src\sdks\poco-1.5.3\Net\src\DNS.cpp">
      <Filter>Source Files</Filter>
    </ClCompile>
    <ClCompile Include="C:\Projects\DifferenceFormatter\src\sdks\poco-1.5.3\Net\src\FilePartSource.cpp">
      <Filter>Source Files</Filter>
    </ClCompile>
    <ClCompile Include="C:\Projects\DifferenceFormatter\src\sdks\poco-1.5.3\Net\src\FTPClientSession.cpp">
      <Filter>Source Files</Filter>
    </ClCompile>
    <ClCompile Include="C:\Projects\DifferenceFormatter\src\sdks\poco-1.5.3\Net\src\FTPStreamFactory.cpp">
      <Filter>Source Files</Filter>
    </ClCompile>
    <ClCompile Include="C:\Projects\DifferenceFormatter\src\sdks\poco-1.5.3\Net\src\HostEntry.cpp">
      <Filter>Source Files</Filter>
    </ClCompile>
    <ClCompile Include="C:\Projects\DifferenceFormatter\src\sdks\poco-1.5.3\Net\src\HTMLForm.cpp">
      <Filter>Source Files</Filter>
    </ClCompile>
    <ClCompile Include="C:\Projects\DifferenceFormatter\src\sdks\poco-1.5.3\Net\src\HTTPAuthenticationParams.cpp">
      <Filter>Source Files</Filter>
    </ClCompile>
    <ClCompile Include="C:\Projects\DifferenceFormatter\src\sdks\poco-1.5.3\Net\src\HTTPBasicCredentials.cpp">
      <Filter>Source Files</Filter>
    </ClCompile>
    <ClCompile Include="C:\Projects\DifferenceFormatter\src\sdks\poco-1.5.3\Net\src\HTTPBufferAllocator.cpp">
      <Filter>Source Files</Filter>
    </ClCompile>
    <ClCompile Include="C:\Projects\DifferenceFormatter\src\sdks\poco-1.5.3\Net\src\HTTPChunkedStream.cpp">
      <Filter>Source Files</Filter>
    </ClCompile>
    <ClCompile Include="C:\Projects\DifferenceFormatter\src\sdks\poco-1.5.3\Net\src\HTTPClientSession.cpp">
      <Filter>Source Files</Filter>
    </ClCompile>
    <ClCompile Include="C:\Projects\DifferenceFormatter\src\sdks\poco-1.5.3\Net\src\HTTPCookie.cpp">
      <Filter>Source Files</Filter>
    </ClCompile>
    <ClCompile Include="C:\Projects\DifferenceFormatter\src\sdks\poco-1.5.3\Net\src\HTTPCredentials.cpp">
      <Filter>Source Files</Filter>
    </ClCompile>
    <ClCompile Include="C:\Projects\DifferenceFormatter\src\sdks\poco-1.5.3\Net\src\HTTPDigestCredentials.cpp">
      <Filter>Source Files</Filter>
    </ClCompile>
    <ClCompile Include="C:\Projects\DifferenceFormatter\src\sdks\poco-1.5.3\Net\src\HTTPFixedLengthStream.cpp">
      <Filter>Source Files</Filter>
    </ClCompile>
    <ClCompile Include="C:\Projects\DifferenceFormatter\src\sdks\poco-1.5.3\Net\src\HTTPHeaderStream.cpp">
      <Filter>Source Files</Filter>
    </ClCompile>
    <ClCompile Include="C:\Projects\DifferenceFormatter\src\sdks\poco-1.5.3\Net\src\HTTPIOStream.cpp">
      <Filter>Source Files</Filter>
    </ClCompile>
    <ClCompile Include="C:\Projects\DifferenceFormatter\src\sdks\poco-1.5.3\Net\src\HTTPMessage.cpp">
      <Filter>Source Files</Filter>
    </ClCompile>
    <ClCompile Include="C:\Projects\DifferenceFormatter\src\sdks\poco-1.5.3\Net\src\HTTPRequest.cpp">
      <Filter>Source Files</Filter>
    </ClCompile>
    <ClCompile Include="C:\Projects\DifferenceFormatter\src\sdks\poco-1.5.3\Net\src\HTTPRequestHandler.cpp">
      <Filter>Source Files</Filter>
    </ClCompile>
    <ClCompile Include="C:\Projects\DifferenceFormatter\src\sdks\poco-1.5.3\Net\src\HTTPRequestHandlerFactory.cpp">
      <Filter>Source Files</Filter>
    </ClCompile>
    <ClCompile Include="C:\Projects\DifferenceFormatter\src\sdks\poco-1.5.3\Net\src\HTTPResponse.cpp">
      <Filter>Source Files</Filter>
    </ClCompile>
    <ClCompile Include="C:\Projects\DifferenceFormatter\src\sdks\poco-1.5.3\Net\src\HTTPServer.cpp">
      <Filter>Source Files</Filter>
    </ClCompile>
    <ClCompile Include="C:\Projects\DifferenceFormatter\src\sdks\poco-1.5.3\Net\src\HTTPServerConnection.cpp">
      <Filter>Source Files</Filter>
    </ClCompile>
    <ClCompile Include="C:\Projects\DifferenceFormatter\src\sdks\poco-1.5.3\Net\src\HTTPServerConnectionFactory.cpp">
      <Filter>Source Files</Filter>
    </ClCompile>
    <ClCompile Include="C:\Projects\DifferenceFormatter\src\sdks\poco-1.5.3\Net\src\HTTPServerParams.cpp">
      <Filter>Source Files</Filter>
    </ClCompile>
    <ClCompile Include="C:\Projects\DifferenceFormatter\src\sdks\poco-1.5.3\Net\src\HTTPServerRequest.cpp">
      <Filter>Source Files</Filter>
    </ClCompile>
    <ClCompile Include="C:\Projects\DifferenceFormatter\src\sdks\poco-1.5.3\Net\src\HTTPServerRequestImpl.cpp">
      <Filter>Source Files</Filter>
    </ClCompile>
    <ClCompile Include="C:\Projects\DifferenceFormatter\src\sdks\poco-1.5.3\Net\src\HTTPServerResponse.cpp">
      <Filter>Source Files</Filter>
    </ClCompile>
    <ClCompile Include="C:\Projects\DifferenceFormatter\src\sdks\poco-1.5.3\Net\src\HTTPServerResponseImpl.cpp">
      <Filter>Source Files</Filter>
    </ClCompile>
    <ClCompile Include="C:\Projects\DifferenceFormatter\src\sdks\poco-1.5.3\Net\src\HTTPServerSession.cpp">
      <Filter>Source Files</Filter>
    </ClCompile>
    <ClCompile Include="C:\Projects\DifferenceFormatter\src\sdks\poco-1.5.3\Net\src\HTTPSession.cpp">
      <Filter>Source Files</Filter>
    </ClCompile>
    <ClCompile Include="C:\Projects\DifferenceFormatter\src\sdks\poco-1.5.3\Net\src\HTTPSessionFactory.cpp">
      <Filter>Source Files</Filter>
    </ClCompile>
    <ClCompile Include="C:\Projects\DifferenceFormatter\src\sdks\poco-1.5.3\Net\src\HTTPSessionInstantiator.cpp">
      <Filter>Source Files</Filter>
    </ClCompile>
    <ClCompile Include="C:\Projects\DifferenceFormatter\src\sdks\poco-1.5.3\Net\src\HTTPStream.cpp">
      <Filter>Source Files</Filter>
    </ClCompile>
    <ClCompile Include="C:\Projects\DifferenceFormatter\src\sdks\poco-1.5.3\Net\src\HTTPStreamFactory.cpp">
      <Filter>Source Files</Filter>
    </ClCompile>
    <ClCompile Include="C:\Projects\DifferenceFormatter\src\sdks\poco-1.5.3\Net\src\ICMPClient.cpp">
      <Filter>Source Files</Filter>
    </ClCompile>
    <ClCompile Include="C:\Projects\DifferenceFormatter\src\sdks\poco-1.5.3\Net\src\ICMPEventArgs.cpp">
      <Filter>Source Files</Filter>
    </ClCompile>
    <ClCompile Include="C:\Projects\DifferenceFormatter\src\sdks\poco-1.5.3\Net\src\ICMPPacket.cpp">
      <Filter>Source Files</Filter>
    </ClCompile>
    <ClCompile Include="C:\Projects\DifferenceFormatter\src\sdks\poco-1.5.3\Net\src\ICMPPacketImpl.cpp">
      <Filter>Source Files</Filter>
    </ClCompile>
    <ClCompile Include="C:\Projects\DifferenceFormatter\src\sdks\poco-1.5.3\Net\src\ICMPSocket.cpp">
      <Filter>Source Files</Filter>
    </ClCompile>
    <ClCompile Include="C:\Projects\DifferenceFormatter\src\sdks\poco-1.5.3\Net\src\ICMPSocketImpl.cpp">
      <Filter>Source Files</Filter>
    </ClCompile>
    <ClCompile Include="C:\Projects\DifferenceFormatter\src\sdks\poco-1.5.3\Net\src\ICMPv4PacketImpl.cpp">
      <Filter>Source Files</Filter>
    </ClCompile>
    <ClCompile Include="C:\Projects\DifferenceFormatter\src\sdks\poco-1.5.3\Net\src\IPAddress.cpp">
      <Filter>Source Files</Filter>
    </ClCompile>
    <ClCompile Include="C:\Projects\DifferenceFormatter\src\sdks\poco-1.5.3\Net\src\IPAddressImpl.cpp">
      <Filter>Source Files</Filter>
    </ClCompile>
    <ClCompile Include="C:\Projects\DifferenceFormatter\src\sdks\poco-1.5.3\Net\src\MailMessage.cpp">
      <Filter>Source Files</Filter>
    </ClCompile>
    <ClCompile Include="C:\Projects\DifferenceFormatter\src\sdks\poco-1.5.3\Net\src\MailRecipient.cpp">
      <Filter>Source Files</Filter>
    </ClCompile>
    <ClCompile Include="C:\Projects\DifferenceFormatter\src\sdks\poco-1.5.3\Net\src\MailStream.cpp">
      <Filter>Source Files</Filter>
    </ClCompile>
    <ClCompile Include="C:\Projects\DifferenceFormatter\src\sdks\poco-1.5.3\Net\src\MediaType.cpp">
      <Filter>Source Files</Filter>
    </ClCompile>
    <ClCompile Include="C:\Projects\DifferenceFormatter\src\sdks\poco-1.5.3\Net\src\MessageHeader.cpp">
      <Filter>Source Files</Filter>
    </ClCompile>
    <ClCompile Include="C:\Projects\DifferenceFormatter\src\sdks\poco-1.5.3\Net\src\MulticastSocket.cpp">
      <Filter>Source Files</Filter>
    </ClCompile>
    <ClCompile Include="C:\Projects\DifferenceFormatter\src\sdks\poco-1.5.3\Net\src\MultipartReader.cpp">
      <Filter>Source Files</Filter>
    </ClCompile>
    <ClCompile Include="C:\Projects\DifferenceFormatter\src\sdks\poco-1.5.3\Net\src\MultipartWriter.cpp">
      <Filter>Source Files</Filter>
    </ClCompile>
    <ClCompile Include="C:\Projects\DifferenceFormatter\src\sdks\poco-1.5.3\Net\src\NameValueCollection.cpp">
      <Filter>Source Files</Filter>
    </ClCompile>
    <ClCompile Include="C:\Projects\DifferenceFormatter\src\sdks\poco-1.5.3\Net\src\Net.cpp">
      <Filter>Source Files</Filter>
    </ClCompile>
    <ClCompile Include="C:\Projects\DifferenceFormatter\src\sdks\poco-1.5.3\Net\src\NetException.cpp">
      <Filter>Source Files</Filter>
    </ClCompile>
    <ClCompile Include="C:\Projects\DifferenceFormatter\src\sdks\poco-1.5.3\Net\src\NetworkInterface.cpp">
      <Filter>Source Files</Filter>
    </ClCompile>
    <ClCompile Include="C:\Projects\DifferenceFormatter\src\sdks\poco-1.5.3\Net\src\NTPClient.cpp">
      <Filter>Source Files</Filter>
    </ClCompile>
    <ClCompile Include="C:\Projects\DifferenceFormatter\src\sdks\poco-1.5.3\Net\src\NTPEventArgs.cpp">
      <Filter>Source Files</Filter>
    </ClCompile>
    <ClCompile Include="C:\Projects\DifferenceFormatter\src\sdks\poco-1.5.3\Net\src\NTPPacket.cpp">
      <Filter>Source Files</Filter>
    </ClCompile>
    <ClCompile Include="C:\Projects\DifferenceFormatter\src\sdks\poco-1.5.3\Net\src\NullPartHandler.cpp">
      <Filter>Source Files</Filter>
    </ClCompile>
    <ClCompile Include="C:\Projects\DifferenceFormatter\src\sdks\poco-1.5.3\Net\src\PartHandler.cpp">
      <Filter>Source Files</Filter>
    </ClCompile>
    <ClCompile Include="C:\Projects\DifferenceFormatter\src\sdks\poco-1.5.3\Net\src\PartSource.cpp">
      <Filter>Source Files</Filter>
    </ClCompile>
    <ClCompile Include="C:\Projects\DifferenceFormatter\src\sdks\poco-1.5.3\Net\src\PartStore.cpp">
      <Filter>Source Files</Filter>
    </ClCompile>
    <ClCompile Include="C:\Projects\DifferenceFormatter\src\sdks\poco-1.5.3\Net\src\POP3ClientSession.cpp">
      <Filter>Source Files</Filter>
    </ClCompile>
    <ClCompile Include="C:\Projects\DifferenceFormatter\src\sdks\poco-1.5.3\Net\src\QuotedPrintableDecoder.cpp">
      <Filter>Source Files</Filter>
    </ClCompile>
    <ClCompile Include="C:\Projects\DifferenceFormatter\src\sdks\poco-1.5.3\Net\src\QuotedPrintableEncoder.cpp">
      <Filter>Source Files</Filter>
    </ClCompile>
    <ClCompile Include="C:\Projects\DifferenceFormatter\src\sdks\poco-1.5.3\Net\src\RawSocket.cpp">
      <Filter>Source Files</Filter>
    </ClCompile>
    <ClCompile Include="C:\Projects\DifferenceFormatter\src\sdks\poco-1.5.3\Net\src\RawSocketImpl.cpp">
      <Filter>Source Files</Filter>
    </ClCompile>
    <ClCompile Include="C:\Projects\DifferenceFormatter\src\sdks\poco-1.5.3\Net\src\RemoteSyslogChannel.cpp">
      <Filter>Source Files</Filter>
    </ClCompile>
    <ClCompile Include="C:\Projects\DifferenceFormatter\src\sdks\poco-1.5.3\Net\src\RemoteSyslogListener.cpp">
      <Filter>Source Files</Filter>
    </ClCompile>
    <ClCompile Include="C:\Projects\DifferenceFormatter\src\sdks\poco-1.5.3\Net\src\ServerSocket.cpp">
      <Filter>Source Files</Filter>
    </ClCompile>
    <ClCompile Include="C:\Projects\DifferenceFormatter\src\sdks\poco-1.5.3\Net\src\ServerSocketImpl.cpp">
      <Filter>Source Files</Filter>
    </ClCompile>
    <ClCompile Include="C:\Projects\DifferenceFormatter\src\sdks\poco-1.5.3\Net\src\SMTPChannel.cpp">
      <Filter>Source Files</Filter>
    </ClCompile>
    <ClCompile Include="C:\Projects\DifferenceFormatter\src\sdks\poco-1.5.3\Net\src\SMTPClientSession.cpp">
      <Filter>Source Files</Filter>
    </ClCompile>
    <ClCompile Include="C:\Projects\DifferenceFormatter\src\sdks\poco-1.5.3\Net\src\Socket.cpp">
      <Filter>Source Files</Filter>
    </ClCompile>
    <ClCompile Include="C:\Projects\DifferenceFormatter\src\sdks\poco-1.5.3\Net\src\SocketAddress.cpp">
      <Filter>Source Files</Filter>
    </ClCompile>
    <ClCompile Include="C:\Projects\DifferenceFormatter\src\sdks\poco-1.5.3\Net\src\SocketAddressImpl.cpp">
      <Filter>Source Files</Filter>
    </ClCompile>
    <ClCompile Include="C:\Projects\DifferenceFormatter\src\sdks\poco-1.5.3\Net\src\SocketImpl.cpp">
      <Filter>Source Files</Filter>
    </ClCompile>
    <ClCompile Include="C:\Projects\DifferenceFormatter\src\sdks\poco-1.5.3\Net\src\SocketNotification.cpp">
      <Filter>Source Files</Filter>
    </ClCompile>
    <ClCompile Include="C:\Projects\DifferenceFormatter\src\sdks\poco-1.5.3\Net\src\SocketNotifier.cpp">
      <Filter>Source Files</Filter>
    </ClCompile>
    <ClCompile Include="C:\Projects\DifferenceFormatter\src\sdks\poco-1.5.3\Net\src\SocketReactor.cpp">
      <Filter>Source Files</Filter>
    </ClCompile>
    <ClCompile Include="C:\Projects\DifferenceFormatter\src\sdks\poco-1.5.3\Net\src\SocketStream.cpp">
      <Filter>Source Files</Filter>
    </ClCompile>
    <ClCompile Include="C:\Projects\DifferenceFormatter\src\sdks\poco-1.5.3\Net\src\StreamSocket.cpp">
      <Filter>Source Files</Filter>
    </ClCompile>
    <ClCompile Include="C:\Projects\DifferenceFormatter\src\sdks\poco-1.5.3\Net\src\StreamSocketImpl.cpp">
      <Filter>Source Files</Filter>
    </ClCompile>
    <ClCompile Include="C:\Projects\DifferenceFormatter\src\sdks\poco-1.5.3\Net\src\StringPartSource.cpp">
      <Filter>Source Files</Filter>
    </ClCompile>
    <ClCompile Include="C:\Projects\DifferenceFormatter\src\sdks\poco-1.5.3\Net\src\TCPServer.cpp">
      <Filter>Source Files</Filter>
    </ClCompile>
    <ClCompile Include="C:\Projects\DifferenceFormatter\src\sdks\poco-1.5.3\Net\src\TCPServerConnection.cpp">
      <Filter>Source Files</Filter>
    </ClCompile>
    <ClCompile Include="C:\Projects\DifferenceFormatter\src\sdks\poco-1.5.3\Net\src\TCPServerConnectionFactory.cpp">
      <Filter>Source Files</Filter>
    </ClCompile>
    <ClCompile Include="C:\Projects\DifferenceFormatter\src\sdks\poco-1.5.3\Net\src\TCPServerDispatcher.cpp">
      <Filter>Source Files</Filter>
    </ClCompile>
    <ClCompile Include="C:\Projects\DifferenceFormatter\src\sdks\poco-1.5.3\Net\src\TCPServerParams.cpp">
      <Filter>Source Files</Filter>
    </ClCompile>
    <ClCompile Include="C:\Projects\DifferenceFormatter\src\sdks\poco-1.5.3\Net\src\WebSocket.cpp">
      <Filter>Source Files</Filter>
    </ClCompile>
    <ClCompile Include="C:\Projects\DifferenceFormatter\src\sdks\poco-1.5.3\Net\src\WebSocketImpl.cpp">
      <Filter>Source Files</Filter>
    </ClCompile>
  </ItemGroup>
  <ItemGroup>
    <CustomBuild Include="C:\Projects\DifferenceFormatter\src\sdks\poco-1.5.3\Net\CMakeLists.txt" />
  </ItemGroup>
  <ItemGroup>
    <Filter Include="Source Files">
      <UniqueIdentifier>{BD488E29-7C77-4D11-AF4A-EA10AFDF4D11}</UniqueIdentifier>
    </Filter>
  </ItemGroup>
</Project>
