<?xml version="1.0" encoding="Windows-1252"?>
<Project ToolsVersion="12.0" xmlns="http://schemas.microsoft.com/developer/msbuild/2003">
  <ItemGroup>
    <ClCompile Include="C:\Projects\DifferenceFormatter\src\tools\DifferenceFormatter\CodeLine.cpp">
      <Filter>Source Files</Filter>
    </ClCompile>
    <ClCompile Include="C:\Projects\DifferenceFormatter\src\tools\DifferenceFormatter\DifferenceChunk.cpp">
      <Filter>Source Files</Filter>
    </ClCompile>
    <ClCompile Include="C:\Projects\DifferenceFormatter\src\tools\DifferenceFormatter\DifferenceFormatterApp.cpp">
      <Filter>Source Files</Filter>
    </ClCompile>
    <ClCompile Include="C:\Projects\DifferenceFormatter\src\tools\DifferenceFormatter\DifferenceSet.cpp">
      <Filter>Source Files</Filter>
    </ClCompile>
    <ClCompile Include="C:\Projects\DifferenceFormatter\src\tools\DifferenceFormatter\FileDifference.cpp">
      <Filter>Source Files</Filter>
    </ClCompile>
    <ClCompile Include="C:\Projects\DifferenceFormatter\src\tools\DifferenceFormatter\Line.cpp">
      <Filter>Source Files</Filter>
    </ClCompile>
    <ClCompile Include="C:\Projects\DifferenceFormatter\src\tools\DifferenceFormatter\main.cpp">
      <Filter>Source Files</Filter>
    </ClCompile>
    <ClCompile Include="C:\Projects\DifferenceFormatter\src\tools\DifferenceFormatter\UnifiedDifferenceFile.cpp">
      <Filter>Source Files</Filter>
    </ClCompile>
  </ItemGroup>
  <ItemGroup>
    <ClInclude Include="C:\Projects\DifferenceFormatter\src\tools\DifferenceFormatter\CodeLine.h">
      <Filter>Header Files</Filter>
    </ClInclude>
    <ClInclude Include="C:\Projects\DifferenceFormatter\src\tools\DifferenceFormatter\DifferenceChunk.h">
      <Filter>Header Files</Filter>
    </ClInclude>
    <ClInclude Include="C:\Projects\DifferenceFormatter\src\tools\DifferenceFormatter\DifferenceFormatterApp.h">
      <Filter>Header Files</Filter>
    </ClInclude>
    <ClInclude Include="C:\Projects\DifferenceFormatter\src\tools\DifferenceFormatter\DifferenceSet.h">
      <Filter>Header Files</Filter>
    </ClInclude>
    <ClInclude Include="C:\Projects\DifferenceFormatter\src\tools\DifferenceFormatter\FileDifference.h">
      <Filter>Header Files</Filter>
    </ClInclude>
    <ClInclude Include="C:\Projects\DifferenceFormatter\src\tools\DifferenceFormatter\Line.h">
      <Filter>Header Files</Filter>
    </ClInclude>
    <ClInclude Include="C:\Projects\DifferenceFormatter\src\tools\DifferenceFormatter\UnifiedDifferenceFile.h">
      <Filter>Header Files</Filter>
    </ClInclude>
    <ClInclude Include="C:\Projects\DifferenceFormatter\src\tools\DifferenceFormatter\utilities.h">
      <Filter>Header Files</Filter>
    </ClInclude>
  </ItemGroup>
  <ItemGroup>
    <CustomBuild Include="C:\Projects\DifferenceFormatter\src\tools\DifferenceFormatter\CMakeLists.txt" />
  </ItemGroup>
  <ItemGroup>
    <Filter Include="Source Files">
      <UniqueIdentifier>{3D437AF7-97EB-4E17-9C22-8F1A0F9CC6E7}</UniqueIdentifier>
    </Filter>
    <Filter Include="Header Files">
      <UniqueIdentifier>{6B7881AB-C837-48C6-B50D-6B0165DE9084}</UniqueIdentifier>
    </Filter>
  </ItemGroup>
</Project>
