Microsoft Visual Studio Solution File, Format Version 12.00
# Visual Studio 2013
Project("{8BC9CEB8-8B4A-11D0-8D11-00A0C91BC942}") = "ALL_BUILD", "ALL_BUILD.vcxproj", "{D7DC501E-C5BD-4E7D-86EA-734FE96CA475}"
	ProjectSection(ProjectDependencies) = postProject
		{68A79949-6F29-4BD3-974D-C497593D4EB2} = {68A79949-6F29-4BD3-974D-C497593D4EB2}
		{43195B22-4DC6-4068-BFDF-DEF2D58D3EBA} = {43195B22-4DC6-4068-BFDF-DEF2D58D3EBA}
	EndProjectSection
EndProject
Project("{8BC9CEB8-8B4A-11D0-8D11-00A0C91BC942}") = "DifferenceFormatter", "DifferenceFormatter.vcxproj", "{68A79949-6F29-4BD3-974D-C497593D4EB2}"
	ProjectSection(ProjectDependencies) = postProject
		{43195B22-4DC6-4068-BFDF-DEF2D58D3EBA} = {43195B22-4DC6-4068-BFDF-DEF2D58D3EBA}
	EndProjectSection
EndProject
Project("{8BC9CEB8-8B4A-11D0-8D11-00A0C91BC942}") = "ZERO_CHECK", "ZERO_CHECK.vcxproj", "{43195B22-4DC6-4068-BFDF-DEF2D58D3EBA}"
	ProjectSection(ProjectDependencies) = postProject
	EndProjectSection
EndProject
Global
	GlobalSection(SolutionConfigurationPlatforms) = preSolution
		Debug|Win32 = Debug|Win32
		Release|Win32 = Release|Win32
		MinSizeRel|Win32 = MinSizeRel|Win32
		RelWithDebInfo|Win32 = RelWithDebInfo|Win32
	EndGlobalSection
	GlobalSection(ProjectConfigurationPlatforms) = postSolution
		{D7DC501E-C5BD-4E7D-86EA-734FE96CA475}.Debug|Win32.ActiveCfg = Debug|Win32
		{D7DC501E-C5BD-4E7D-86EA-734FE96CA475}.Release|Win32.ActiveCfg = Release|Win32
		{D7DC501E-C5BD-4E7D-86EA-734FE96CA475}.MinSizeRel|Win32.ActiveCfg = MinSizeRel|Win32
		{D7DC501E-C5BD-4E7D-86EA-734FE96CA475}.RelWithDebInfo|Win32.ActiveCfg = RelWithDebInfo|Win32
		{68A79949-6F29-4BD3-974D-C497593D4EB2}.Debug|Win32.ActiveCfg = Debug|Win32
		{68A79949-6F29-4BD3-974D-C497593D4EB2}.Debug|Win32.Build.0 = Debug|Win32
		{68A79949-6F29-4BD3-974D-C497593D4EB2}.Release|Win32.ActiveCfg = Release|Win32
		{68A79949-6F29-4BD3-974D-C497593D4EB2}.Release|Win32.Build.0 = Release|Win32
		{68A79949-6F29-4BD3-974D-C497593D4EB2}.MinSizeRel|Win32.ActiveCfg = MinSizeRel|Win32
		{68A79949-6F29-4BD3-974D-C497593D4EB2}.MinSizeRel|Win32.Build.0 = MinSizeRel|Win32
		{68A79949-6F29-4BD3-974D-C497593D4EB2}.RelWithDebInfo|Win32.ActiveCfg = RelWithDebInfo|Win32
		{68A79949-6F29-4BD3-974D-C497593D4EB2}.RelWithDebInfo|Win32.Build.0 = RelWithDebInfo|Win32
		{43195B22-4DC6-4068-BFDF-DEF2D58D3EBA}.Debug|Win32.ActiveCfg = Debug|Win32
		{43195B22-4DC6-4068-BFDF-DEF2D58D3EBA}.Debug|Win32.Build.0 = Debug|Win32
		{43195B22-4DC6-4068-BFDF-DEF2D58D3EBA}.Release|Win32.ActiveCfg = Release|Win32
		{43195B22-4DC6-4068-BFDF-DEF2D58D3EBA}.Release|Win32.Build.0 = Release|Win32
		{43195B22-4DC6-4068-BFDF-DEF2D58D3EBA}.MinSizeRel|Win32.ActiveCfg = MinSizeRel|Win32
		{43195B22-4DC6-4068-BFDF-DEF2D58D3EBA}.MinSizeRel|Win32.Build.0 = MinSizeRel|Win32
		{43195B22-4DC6-4068-BFDF-DEF2D58D3EBA}.RelWithDebInfo|Win32.ActiveCfg = RelWithDebInfo|Win32
		{43195B22-4DC6-4068-BFDF-DEF2D58D3EBA}.RelWithDebInfo|Win32.Build.0 = RelWithDebInfo|Win32
	EndGlobalSection
	GlobalSection(ExtensibilityGlobals) = postSolution
	EndGlobalSection
	GlobalSection(ExtensibilityAddIns) = postSolution
	EndGlobalSection
EndGlobal
