<?xml version="1.0" encoding="Windows-1252"?>
<Project ToolsVersion="12.0" xmlns="http://schemas.microsoft.com/developer/msbuild/2003">
  <ItemGroup>
    <CustomBuild Include="C:\Projects\DifferenceFormatter\src\tools\DifferenceFormatter\CMakeFiles\3b3ac180b0f58e07c042b3e436652b04\generate.stamp.rule">
      <Filter>CMake Rules</Filter>
    </CustomBuild>
  </ItemGroup>
  <ItemGroup>
    <Filter Include="CMake Rules">
      <UniqueIdentifier>{981D7C71-98A5-4DA1-989A-2826CBD698E6}</UniqueIdentifier>
    </Filter>
  </ItemGroup>
</Project>
