<?xml version="1.0" encoding="Windows-1252"?>
<Project ToolsVersion="12.0" xmlns="http://schemas.microsoft.com/developer/msbuild/2003">
  <ItemGroup>
    <ClCompile Include="C:\Projects\DifferenceFormatter\src\sdks\unittest++\tests\Main.cpp" />
    <ClCompile Include="C:\Projects\DifferenceFormatter\src\sdks\unittest++\tests\TestAssertHandler.cpp" />
    <ClCompile Include="C:\Projects\DifferenceFormatter\src\sdks\unittest++\tests\TestCheckMacros.cpp" />
    <ClCompile Include="C:\Projects\DifferenceFormatter\src\sdks\unittest++\tests\TestChecks.cpp" />
    <ClCompile Include="C:\Projects\DifferenceFormatter\src\sdks\unittest++\tests\TestCompositeTestReporter.cpp" />
    <ClCompile Include="C:\Projects\DifferenceFormatter\src\sdks\unittest++\tests\TestCurrentTest.cpp" />
    <ClCompile Include="C:\Projects\DifferenceFormatter\src\sdks\unittest++\tests\TestDeferredTestReporter.cpp" />
    <ClCompile Include="C:\Projects\DifferenceFormatter\src\sdks\unittest++\tests\TestExceptions.cpp" />
    <ClCompile Include="C:\Projects\DifferenceFormatter\src\sdks\unittest++\tests\TestMemoryOutStream.cpp" />
    <ClCompile Include="C:\Projects\DifferenceFormatter\src\sdks\unittest++\tests\TestTest.cpp" />
    <ClCompile Include="C:\Projects\DifferenceFormatter\src\sdks\unittest++\tests\TestTestList.cpp" />
    <ClCompile Include="C:\Projects\DifferenceFormatter\src\sdks\unittest++\tests\TestTestMacros.cpp" />
    <ClCompile Include="C:\Projects\DifferenceFormatter\src\sdks\unittest++\tests\TestTestResults.cpp" />
    <ClCompile Include="C:\Projects\DifferenceFormatter\src\sdks\unittest++\tests\TestTestRunner.cpp" />
    <ClCompile Include="C:\Projects\DifferenceFormatter\src\sdks\unittest++\tests\TestTestSuite.cpp" />
    <ClCompile Include="C:\Projects\DifferenceFormatter\src\sdks\unittest++\tests\TestTimeConstraint.cpp" />
    <ClCompile Include="C:\Projects\DifferenceFormatter\src\sdks\unittest++\tests\TestTimeConstraintMacro.cpp" />
    <ClCompile Include="C:\Projects\DifferenceFormatter\src\sdks\unittest++\tests\TestUnitTestPP.cpp" />
    <ClCompile Include="C:\Projects\DifferenceFormatter\src\sdks\unittest++\tests\TestXmlTestReporter.cpp" />
  </ItemGroup>
  <ItemGroup>
    <ClInclude Include="C:\Projects\DifferenceFormatter\src\sdks\unittest++\tests\RecordingReporter.h" />
    <ClInclude Include="C:\Projects\DifferenceFormatter\src\sdks\unittest++\tests\ScopedCurrentTest.h" />
  </ItemGroup>
  <ItemGroup>
    <CustomBuild Include="C:\Projects\DifferenceFormatter\src\sdks\unittest++\CMakeLists.txt" />
  </ItemGroup>
  <ItemGroup>
  </ItemGroup>
</Project>
