<?xml version="1.0" encoding="Windows-1252"?>
<Project ToolsVersion="12.0" xmlns="http://schemas.microsoft.com/developer/msbuild/2003">
  <ItemGroup>
    <ClCompile Include="C:\Projects\DifferenceFormatter\src\sdks\unittest++\UnitTest++\AssertException.cpp" />
    <ClCompile Include="C:\Projects\DifferenceFormatter\src\sdks\unittest++\UnitTest++\Checks.cpp" />
    <ClCompile Include="C:\Projects\DifferenceFormatter\src\sdks\unittest++\UnitTest++\CompositeTestReporter.cpp" />
    <ClCompile Include="C:\Projects\DifferenceFormatter\src\sdks\unittest++\UnitTest++\CurrentTest.cpp" />
    <ClCompile Include="C:\Projects\DifferenceFormatter\src\sdks\unittest++\UnitTest++\DeferredTestReporter.cpp" />
    <ClCompile Include="C:\Projects\DifferenceFormatter\src\sdks\unittest++\UnitTest++\DeferredTestResult.cpp" />
    <ClCompile Include="C:\Projects\DifferenceFormatter\src\sdks\unittest++\UnitTest++\MemoryOutStream.cpp" />
    <ClCompile Include="C:\Projects\DifferenceFormatter\src\sdks\unittest++\UnitTest++\ReportAssert.cpp" />
    <ClCompile Include="C:\Projects\DifferenceFormatter\src\sdks\unittest++\UnitTest++\Test.cpp" />
    <ClCompile Include="C:\Projects\DifferenceFormatter\src\sdks\unittest++\UnitTest++\TestDetails.cpp" />
    <ClCompile Include="C:\Projects\DifferenceFormatter\src\sdks\unittest++\UnitTest++\TestList.cpp" />
    <ClCompile Include="C:\Projects\DifferenceFormatter\src\sdks\unittest++\UnitTest++\TestReporter.cpp" />
    <ClCompile Include="C:\Projects\DifferenceFormatter\src\sdks\unittest++\UnitTest++\TestReporterStdout.cpp" />
    <ClCompile Include="C:\Projects\DifferenceFormatter\src\sdks\unittest++\UnitTest++\TestResults.cpp" />
    <ClCompile Include="C:\Projects\DifferenceFormatter\src\sdks\unittest++\UnitTest++\TestRunner.cpp" />
    <ClCompile Include="C:\Projects\DifferenceFormatter\src\sdks\unittest++\UnitTest++\TimeConstraint.cpp" />
    <ClCompile Include="C:\Projects\DifferenceFormatter\src\sdks\unittest++\UnitTest++\XmlTestReporter.cpp" />
    <ClCompile Include="C:\Projects\DifferenceFormatter\src\sdks\unittest++\UnitTest++\Win32\TimeHelpers.cpp">
      <Filter>Win32</Filter>
    </ClCompile>
  </ItemGroup>
  <ItemGroup>
    <ClInclude Include="C:\Projects\DifferenceFormatter\src\sdks\unittest++\UnitTest++\AssertException.h" />
    <ClInclude Include="C:\Projects\DifferenceFormatter\src\sdks\unittest++\UnitTest++\CheckMacros.h" />
    <ClInclude Include="C:\Projects\DifferenceFormatter\src\sdks\unittest++\UnitTest++\Checks.h" />
    <ClInclude Include="C:\Projects\DifferenceFormatter\src\sdks\unittest++\UnitTest++\CompositeTestReporter.h" />
    <ClInclude Include="C:\Projects\DifferenceFormatter\src\sdks\unittest++\UnitTest++\Config.h" />
    <ClInclude Include="C:\Projects\DifferenceFormatter\src\sdks\unittest++\UnitTest++\CurrentTest.h" />
    <ClInclude Include="C:\Projects\DifferenceFormatter\src\sdks\unittest++\UnitTest++\DeferredTestReporter.h" />
    <ClInclude Include="C:\Projects\DifferenceFormatter\src\sdks\unittest++\UnitTest++\DeferredTestResult.h" />
    <ClInclude Include="C:\Projects\DifferenceFormatter\src\sdks\unittest++\UnitTest++\ExceptionMacros.h" />
    <ClInclude Include="C:\Projects\DifferenceFormatter\src\sdks\unittest++\UnitTest++\ExecuteTest.h" />
    <ClInclude Include="C:\Projects\DifferenceFormatter\src\sdks\unittest++\UnitTest++\HelperMacros.h" />
    <ClInclude Include="C:\Projects\DifferenceFormatter\src\sdks\unittest++\UnitTest++\MemoryOutStream.h" />
    <ClInclude Include="C:\Projects\DifferenceFormatter\src\sdks\unittest++\UnitTest++\ReportAssert.h" />
    <ClInclude Include="C:\Projects\DifferenceFormatter\src\sdks\unittest++\UnitTest++\ReportAssertImpl.h" />
    <ClInclude Include="C:\Projects\DifferenceFormatter\src\sdks\unittest++\UnitTest++\Test.h" />
    <ClInclude Include="C:\Projects\DifferenceFormatter\src\sdks\unittest++\UnitTest++\TestDetails.h" />
    <ClInclude Include="C:\Projects\DifferenceFormatter\src\sdks\unittest++\UnitTest++\TestList.h" />
    <ClInclude Include="C:\Projects\DifferenceFormatter\src\sdks\unittest++\UnitTest++\TestMacros.h" />
    <ClInclude Include="C:\Projects\DifferenceFormatter\src\sdks\unittest++\UnitTest++\TestReporter.h" />
    <ClInclude Include="C:\Projects\DifferenceFormatter\src\sdks\unittest++\UnitTest++\TestReporterStdout.h" />
    <ClInclude Include="C:\Projects\DifferenceFormatter\src\sdks\unittest++\UnitTest++\TestResults.h" />
    <ClInclude Include="C:\Projects\DifferenceFormatter\src\sdks\unittest++\UnitTest++\TestRunner.h" />
    <ClInclude Include="C:\Projects\DifferenceFormatter\src\sdks\unittest++\UnitTest++\TestSuite.h" />
    <ClInclude Include="C:\Projects\DifferenceFormatter\src\sdks\unittest++\UnitTest++\TimeConstraint.h" />
    <ClInclude Include="C:\Projects\DifferenceFormatter\src\sdks\unittest++\UnitTest++\TimeHelpers.h" />
    <ClInclude Include="C:\Projects\DifferenceFormatter\src\sdks\unittest++\UnitTest++\UnitTest++.h" />
    <ClInclude Include="C:\Projects\DifferenceFormatter\src\sdks\unittest++\UnitTest++\UnitTestPP.h" />
    <ClInclude Include="C:\Projects\DifferenceFormatter\src\sdks\unittest++\UnitTest++\XmlTestReporter.h" />
    <ClInclude Include="C:\Projects\DifferenceFormatter\src\sdks\unittest++\UnitTest++\Win32\TimeHelpers.h">
      <Filter>Win32</Filter>
    </ClInclude>
  </ItemGroup>
  <ItemGroup>
    <CustomBuild Include="C:\Projects\DifferenceFormatter\src\sdks\unittest++\CMakeLists.txt" />
  </ItemGroup>
  <ItemGroup>
    <Filter Include="Win32">
      <UniqueIdentifier>{740EB5E4-9CCC-4C3F-BAEE-3F9EB0213E55}</UniqueIdentifier>
    </Filter>
  </ItemGroup>
</Project>
