Microsoft Visual Studio Solution File, Format Version 12.00
# Visual Studio 2013
Project("{8BC9CEB8-8B4A-11D0-8D11-00A0C91BC942}") = "ALL_BUILD", "ALL_BUILD.vcxproj", "{B393752D-C77F-46F6-A3B9-ABD2E4F86B3A}"
	ProjectSection(ProjectDependencies) = postProject
		{0B56109D-3E5A-4F55-BBEA-CE06FE6F992B} = {0B56109D-3E5A-4F55-BBEA-CE06FE6F992B}
		{C1A61E12-A7F2-4635-8767-7B2626C97E54} = {C1A61E12-A7F2-4635-8767-7B2626C97E54}
		{201A6D26-730E-40BA-A898-3B7410AB3EC8} = {201A6D26-730E-40BA-A898-3B7410AB3EC8}
		{F03BA08F-52F9-45A6-B81E-F6B4BDE02DCF} = {F03BA08F-52F9-45A6-B81E-F6B4BDE02DCF}
		{8AF55551-BCB5-481F-A9EB-36A6434F4373} = {8AF55551-BCB5-481F-A9EB-36A6434F4373}
		{0D21F7A5-AB4A-465E-B71E-98A673280B3D} = {0D21F7A5-AB4A-465E-B71E-98A673280B3D}
		{F03D84E9-69AF-4F2C-AE14-785D71C58552} = {F03D84E9-69AF-4F2C-AE14-785D71C58552}
		{50C25B76-44A8-40F7-8ACB-CEC24994FB60} = {50C25B76-44A8-40F7-8ACB-CEC24994FB60}
		{D572DE99-E53F-4386-B1DE-E5D7A6345562} = {D572DE99-E53F-4386-B1DE-E5D7A6345562}
		{E8EE4066-5EFC-4E7A-9F90-3DCC4D0C5F1A} = {E8EE4066-5EFC-4E7A-9F90-3DCC4D0C5F1A}
		{6AF35B6E-4C67-4559-A152-4314B059B292} = {6AF35B6E-4C67-4559-A152-4314B059B292}
		{321FA59E-FEFD-4A2B-B1E7-3BFD86662F18} = {321FA59E-FEFD-4A2B-B1E7-3BFD86662F18}
	EndProjectSection
EndProject
Project("{8BC9CEB8-8B4A-11D0-8D11-00A0C91BC942}") = "INSTALL", "INSTALL.vcxproj", "{41AECE9D-7620-4263-A5E2-9B08ED614884}"
	ProjectSection(ProjectDependencies) = postProject
		{B393752D-C77F-46F6-A3B9-ABD2E4F86B3A} = {B393752D-C77F-46F6-A3B9-ABD2E4F86B3A}
	EndProjectSection
EndProject
Project("{8BC9CEB8-8B4A-11D0-8D11-00A0C91BC942}") = "PACKAGE", "PACKAGE.vcxproj", "{1AEF15D8-A457-4AE8-9933-887FA381E1F9}"
	ProjectSection(ProjectDependencies) = postProject
		{B393752D-C77F-46F6-A3B9-ABD2E4F86B3A} = {B393752D-C77F-46F6-A3B9-ABD2E4F86B3A}
	EndProjectSection
EndProject
Project("{8BC9CEB8-8B4A-11D0-8D11-00A0C91BC942}") = "PocoData", "poco-1.5.3\Data\PocoData.vcxproj", "{0B56109D-3E5A-4F55-BBEA-CE06FE6F992B}"
	ProjectSection(ProjectDependencies) = postProject
		{F03BA08F-52F9-45A6-B81E-F6B4BDE02DCF} = {F03BA08F-52F9-45A6-B81E-F6B4BDE02DCF}
		{321FA59E-FEFD-4A2B-B1E7-3BFD86662F18} = {321FA59E-FEFD-4A2B-B1E7-3BFD86662F18}
	EndProjectSection
EndProject
Project("{8BC9CEB8-8B4A-11D0-8D11-00A0C91BC942}") = "PocoDataODBC", "poco-1.5.3\Data\ODBC\PocoDataODBC.vcxproj", "{C1A61E12-A7F2-4635-8767-7B2626C97E54}"
	ProjectSection(ProjectDependencies) = postProject
		{0B56109D-3E5A-4F55-BBEA-CE06FE6F992B} = {0B56109D-3E5A-4F55-BBEA-CE06FE6F992B}
		{F03BA08F-52F9-45A6-B81E-F6B4BDE02DCF} = {F03BA08F-52F9-45A6-B81E-F6B4BDE02DCF}
		{321FA59E-FEFD-4A2B-B1E7-3BFD86662F18} = {321FA59E-FEFD-4A2B-B1E7-3BFD86662F18}
	EndProjectSection
EndProject
Project("{8BC9CEB8-8B4A-11D0-8D11-00A0C91BC942}") = "PocoDataSQLite", "poco-1.5.3\Data\SQLite\PocoDataSQLite.vcxproj", "{201A6D26-730E-40BA-A898-3B7410AB3EC8}"
	ProjectSection(ProjectDependencies) = postProject
		{0B56109D-3E5A-4F55-BBEA-CE06FE6F992B} = {0B56109D-3E5A-4F55-BBEA-CE06FE6F992B}
		{F03BA08F-52F9-45A6-B81E-F6B4BDE02DCF} = {F03BA08F-52F9-45A6-B81E-F6B4BDE02DCF}
		{321FA59E-FEFD-4A2B-B1E7-3BFD86662F18} = {321FA59E-FEFD-4A2B-B1E7-3BFD86662F18}
	EndProjectSection
EndProject
Project("{8BC9CEB8-8B4A-11D0-8D11-00A0C91BC942}") = "PocoFoundation", "poco-1.5.3\Foundation\PocoFoundation.vcxproj", "{F03BA08F-52F9-45A6-B81E-F6B4BDE02DCF}"
	ProjectSection(ProjectDependencies) = postProject
		{321FA59E-FEFD-4A2B-B1E7-3BFD86662F18} = {321FA59E-FEFD-4A2B-B1E7-3BFD86662F18}
	EndProjectSection
EndProject
Project("{8BC9CEB8-8B4A-11D0-8D11-00A0C91BC942}") = "PocoJSON", "poco-1.5.3\JSON\PocoJSON.vcxproj", "{8AF55551-BCB5-481F-A9EB-36A6434F4373}"
	ProjectSection(ProjectDependencies) = postProject
		{F03BA08F-52F9-45A6-B81E-F6B4BDE02DCF} = {F03BA08F-52F9-45A6-B81E-F6B4BDE02DCF}
		{321FA59E-FEFD-4A2B-B1E7-3BFD86662F18} = {321FA59E-FEFD-4A2B-B1E7-3BFD86662F18}
	EndProjectSection
EndProject
Project("{8BC9CEB8-8B4A-11D0-8D11-00A0C91BC942}") = "PocoMongoDB", "poco-1.5.3\MongoDB\PocoMongoDB.vcxproj", "{0D21F7A5-AB4A-465E-B71E-98A673280B3D}"
	ProjectSection(ProjectDependencies) = postProject
		{F03BA08F-52F9-45A6-B81E-F6B4BDE02DCF} = {F03BA08F-52F9-45A6-B81E-F6B4BDE02DCF}
		{F03D84E9-69AF-4F2C-AE14-785D71C58552} = {F03D84E9-69AF-4F2C-AE14-785D71C58552}
		{321FA59E-FEFD-4A2B-B1E7-3BFD86662F18} = {321FA59E-FEFD-4A2B-B1E7-3BFD86662F18}
	EndProjectSection
EndProject
Project("{8BC9CEB8-8B4A-11D0-8D11-00A0C91BC942}") = "PocoNet", "poco-1.5.3\Net\PocoNet.vcxproj", "{F03D84E9-69AF-4F2C-AE14-785D71C58552}"
	ProjectSection(ProjectDependencies) = postProject
		{F03BA08F-52F9-45A6-B81E-F6B4BDE02DCF} = {F03BA08F-52F9-45A6-B81E-F6B4BDE02DCF}
		{321FA59E-FEFD-4A2B-B1E7-3BFD86662F18} = {321FA59E-FEFD-4A2B-B1E7-3BFD86662F18}
	EndProjectSection
EndProject
Project("{8BC9CEB8-8B4A-11D0-8D11-00A0C91BC942}") = "PocoPDF", "poco-1.5.3\PDF\PocoPDF.vcxproj", "{50C25B76-44A8-40F7-8ACB-CEC24994FB60}"
	ProjectSection(ProjectDependencies) = postProject
		{F03BA08F-52F9-45A6-B81E-F6B4BDE02DCF} = {F03BA08F-52F9-45A6-B81E-F6B4BDE02DCF}
		{321FA59E-FEFD-4A2B-B1E7-3BFD86662F18} = {321FA59E-FEFD-4A2B-B1E7-3BFD86662F18}
	EndProjectSection
EndProject
Project("{8BC9CEB8-8B4A-11D0-8D11-00A0C91BC942}") = "PocoUtil", "poco-1.5.3\Util\PocoUtil.vcxproj", "{D572DE99-E53F-4386-B1DE-E5D7A6345562}"
	ProjectSection(ProjectDependencies) = postProject
		{F03BA08F-52F9-45A6-B81E-F6B4BDE02DCF} = {F03BA08F-52F9-45A6-B81E-F6B4BDE02DCF}
		{8AF55551-BCB5-481F-A9EB-36A6434F4373} = {8AF55551-BCB5-481F-A9EB-36A6434F4373}
		{E8EE4066-5EFC-4E7A-9F90-3DCC4D0C5F1A} = {E8EE4066-5EFC-4E7A-9F90-3DCC4D0C5F1A}
		{321FA59E-FEFD-4A2B-B1E7-3BFD86662F18} = {321FA59E-FEFD-4A2B-B1E7-3BFD86662F18}
	EndProjectSection
EndProject
Project("{8BC9CEB8-8B4A-11D0-8D11-00A0C91BC942}") = "PocoXML", "poco-1.5.3\XML\PocoXML.vcxproj", "{E8EE4066-5EFC-4E7A-9F90-3DCC4D0C5F1A}"
	ProjectSection(ProjectDependencies) = postProject
		{F03BA08F-52F9-45A6-B81E-F6B4BDE02DCF} = {F03BA08F-52F9-45A6-B81E-F6B4BDE02DCF}
		{321FA59E-FEFD-4A2B-B1E7-3BFD86662F18} = {321FA59E-FEFD-4A2B-B1E7-3BFD86662F18}
	EndProjectSection
EndProject
Project("{8BC9CEB8-8B4A-11D0-8D11-00A0C91BC942}") = "PocoZip", "poco-1.5.3\Zip\PocoZip.vcxproj", "{6AF35B6E-4C67-4559-A152-4314B059B292}"
	ProjectSection(ProjectDependencies) = postProject
		{F03BA08F-52F9-45A6-B81E-F6B4BDE02DCF} = {F03BA08F-52F9-45A6-B81E-F6B4BDE02DCF}
		{8AF55551-BCB5-481F-A9EB-36A6434F4373} = {8AF55551-BCB5-481F-A9EB-36A6434F4373}
		{D572DE99-E53F-4386-B1DE-E5D7A6345562} = {D572DE99-E53F-4386-B1DE-E5D7A6345562}
		{E8EE4066-5EFC-4E7A-9F90-3DCC4D0C5F1A} = {E8EE4066-5EFC-4E7A-9F90-3DCC4D0C5F1A}
		{321FA59E-FEFD-4A2B-B1E7-3BFD86662F18} = {321FA59E-FEFD-4A2B-B1E7-3BFD86662F18}
	EndProjectSection
EndProject
Project("{8BC9CEB8-8B4A-11D0-8D11-00A0C91BC942}") = "ZERO_CHECK", "ZERO_CHECK.vcxproj", "{321FA59E-FEFD-4A2B-B1E7-3BFD86662F18}"
	ProjectSection(ProjectDependencies) = postProject
	EndProjectSection
EndProject
Project("{8BC9CEB8-8B4A-11D0-8D11-00A0C91BC942}") = "uninstall", "poco-1.5.3\uninstall.vcxproj", "{5DFD0540-E349-4E72-8633-D1765F2804CC}"
	ProjectSection(ProjectDependencies) = postProject
		{321FA59E-FEFD-4A2B-B1E7-3BFD86662F18} = {321FA59E-FEFD-4A2B-B1E7-3BFD86662F18}
	EndProjectSection
EndProject
Global
	GlobalSection(SolutionConfigurationPlatforms) = preSolution
		Debug|Win32 = Debug|Win32
		Release|Win32 = Release|Win32
		MinSizeRel|Win32 = MinSizeRel|Win32
		RelWithDebInfo|Win32 = RelWithDebInfo|Win32
	EndGlobalSection
	GlobalSection(ProjectConfigurationPlatforms) = postSolution
		{B393752D-C77F-46F6-A3B9-ABD2E4F86B3A}.Debug|Win32.ActiveCfg = Debug|Win32
		{B393752D-C77F-46F6-A3B9-ABD2E4F86B3A}.Debug|Win32.Build.0 = Debug|Win32
		{B393752D-C77F-46F6-A3B9-ABD2E4F86B3A}.Release|Win32.ActiveCfg = Release|Win32
		{B393752D-C77F-46F6-A3B9-ABD2E4F86B3A}.Release|Win32.Build.0 = Release|Win32
		{B393752D-C77F-46F6-A3B9-ABD2E4F86B3A}.MinSizeRel|Win32.ActiveCfg = MinSizeRel|Win32
		{B393752D-C77F-46F6-A3B9-ABD2E4F86B3A}.MinSizeRel|Win32.Build.0 = MinSizeRel|Win32
		{B393752D-C77F-46F6-A3B9-ABD2E4F86B3A}.RelWithDebInfo|Win32.ActiveCfg = RelWithDebInfo|Win32
		{B393752D-C77F-46F6-A3B9-ABD2E4F86B3A}.RelWithDebInfo|Win32.Build.0 = RelWithDebInfo|Win32
		{41AECE9D-7620-4263-A5E2-9B08ED614884}.Debug|Win32.ActiveCfg = Debug|Win32
		{41AECE9D-7620-4263-A5E2-9B08ED614884}.Release|Win32.ActiveCfg = Release|Win32
		{41AECE9D-7620-4263-A5E2-9B08ED614884}.MinSizeRel|Win32.ActiveCfg = MinSizeRel|Win32
		{41AECE9D-7620-4263-A5E2-9B08ED614884}.RelWithDebInfo|Win32.ActiveCfg = RelWithDebInfo|Win32
		{1AEF15D8-A457-4AE8-9933-887FA381E1F9}.Debug|Win32.ActiveCfg = Debug|Win32
		{1AEF15D8-A457-4AE8-9933-887FA381E1F9}.Release|Win32.ActiveCfg = Release|Win32
		{1AEF15D8-A457-4AE8-9933-887FA381E1F9}.MinSizeRel|Win32.ActiveCfg = MinSizeRel|Win32
		{1AEF15D8-A457-4AE8-9933-887FA381E1F9}.RelWithDebInfo|Win32.ActiveCfg = RelWithDebInfo|Win32
		{0B56109D-3E5A-4F55-BBEA-CE06FE6F992B}.Debug|Win32.ActiveCfg = Debug|Win32
		{0B56109D-3E5A-4F55-BBEA-CE06FE6F992B}.Debug|Win32.Build.0 = Debug|Win32
		{0B56109D-3E5A-4F55-BBEA-CE06FE6F992B}.Release|Win32.ActiveCfg = Release|Win32
		{0B56109D-3E5A-4F55-BBEA-CE06FE6F992B}.Release|Win32.Build.0 = Release|Win32
		{0B56109D-3E5A-4F55-BBEA-CE06FE6F992B}.MinSizeRel|Win32.ActiveCfg = MinSizeRel|Win32
		{0B56109D-3E5A-4F55-BBEA-CE06FE6F992B}.MinSizeRel|Win32.Build.0 = MinSizeRel|Win32
		{0B56109D-3E5A-4F55-BBEA-CE06FE6F992B}.RelWithDebInfo|Win32.ActiveCfg = RelWithDebInfo|Win32
		{0B56109D-3E5A-4F55-BBEA-CE06FE6F992B}.RelWithDebInfo|Win32.Build.0 = RelWithDebInfo|Win32
		{C1A61E12-A7F2-4635-8767-7B2626C97E54}.Debug|Win32.ActiveCfg = Debug|Win32
		{C1A61E12-A7F2-4635-8767-7B2626C97E54}.Debug|Win32.Build.0 = Debug|Win32
		{C1A61E12-A7F2-4635-8767-7B2626C97E54}.Release|Win32.ActiveCfg = Release|Win32
		{C1A61E12-A7F2-4635-8767-7B2626C97E54}.Release|Win32.Build.0 = Release|Win32
		{C1A61E12-A7F2-4635-8767-7B2626C97E54}.MinSizeRel|Win32.ActiveCfg = MinSizeRel|Win32
		{C1A61E12-A7F2-4635-8767-7B2626C97E54}.MinSizeRel|Win32.Build.0 = MinSizeRel|Win32
		{C1A61E12-A7F2-4635-8767-7B2626C97E54}.RelWithDebInfo|Win32.ActiveCfg = RelWithDebInfo|Win32
		{C1A61E12-A7F2-4635-8767-7B2626C97E54}.RelWithDebInfo|Win32.Build.0 = RelWithDebInfo|Win32
		{201A6D26-730E-40BA-A898-3B7410AB3EC8}.Debug|Win32.ActiveCfg = Debug|Win32
		{201A6D26-730E-40BA-A898-3B7410AB3EC8}.Debug|Win32.Build.0 = Debug|Win32
		{201A6D26-730E-40BA-A898-3B7410AB3EC8}.Release|Win32.ActiveCfg = Release|Win32
		{201A6D26-730E-40BA-A898-3B7410AB3EC8}.Release|Win32.Build.0 = Release|Win32
		{201A6D26-730E-40BA-A898-3B7410AB3EC8}.MinSizeRel|Win32.ActiveCfg = MinSizeRel|Win32
		{201A6D26-730E-40BA-A898-3B7410AB3EC8}.MinSizeRel|Win32.Build.0 = MinSizeRel|Win32
		{201A6D26-730E-40BA-A898-3B7410AB3EC8}.RelWithDebInfo|Win32.ActiveCfg = RelWithDebInfo|Win32
		{201A6D26-730E-40BA-A898-3B7410AB3EC8}.RelWithDebInfo|Win32.Build.0 = RelWithDebInfo|Win32
		{F03BA08F-52F9-45A6-B81E-F6B4BDE02DCF}.Debug|Win32.ActiveCfg = Debug|Win32
		{F03BA08F-52F9-45A6-B81E-F6B4BDE02DCF}.Debug|Win32.Build.0 = Debug|Win32
		{F03BA08F-52F9-45A6-B81E-F6B4BDE02DCF}.Release|Win32.ActiveCfg = Release|Win32
		{F03BA08F-52F9-45A6-B81E-F6B4BDE02DCF}.Release|Win32.Build.0 = Release|Win32
		{F03BA08F-52F9-45A6-B81E-F6B4BDE02DCF}.MinSizeRel|Win32.ActiveCfg = MinSizeRel|Win32
		{F03BA08F-52F9-45A6-B81E-F6B4BDE02DCF}.MinSizeRel|Win32.Build.0 = MinSizeRel|Win32
		{F03BA08F-52F9-45A6-B81E-F6B4BDE02DCF}.RelWithDebInfo|Win32.ActiveCfg = RelWithDebInfo|Win32
		{F03BA08F-52F9-45A6-B81E-F6B4BDE02DCF}.RelWithDebInfo|Win32.Build.0 = RelWithDebInfo|Win32
		{8AF55551-BCB5-481F-A9EB-36A6434F4373}.Debug|Win32.ActiveCfg = Debug|Win32
		{8AF55551-BCB5-481F-A9EB-36A6434F4373}.Debug|Win32.Build.0 = Debug|Win32
		{8AF55551-BCB5-481F-A9EB-36A6434F4373}.Release|Win32.ActiveCfg = Release|Win32
		{8AF55551-BCB5-481F-A9EB-36A6434F4373}.Release|Win32.Build.0 = Release|Win32
		{8AF55551-BCB5-481F-A9EB-36A6434F4373}.MinSizeRel|Win32.ActiveCfg = MinSizeRel|Win32
		{8AF55551-BCB5-481F-A9EB-36A6434F4373}.MinSizeRel|Win32.Build.0 = MinSizeRel|Win32
		{8AF55551-BCB5-481F-A9EB-36A6434F4373}.RelWithDebInfo|Win32.ActiveCfg = RelWithDebInfo|Win32
		{8AF55551-BCB5-481F-A9EB-36A6434F4373}.RelWithDebInfo|Win32.Build.0 = RelWithDebInfo|Win32
		{0D21F7A5-AB4A-465E-B71E-98A673280B3D}.Debug|Win32.ActiveCfg = Debug|Win32
		{0D21F7A5-AB4A-465E-B71E-98A673280B3D}.Debug|Win32.Build.0 = Debug|Win32
		{0D21F7A5-AB4A-465E-B71E-98A673280B3D}.Release|Win32.ActiveCfg = Release|Win32
		{0D21F7A5-AB4A-465E-B71E-98A673280B3D}.Release|Win32.Build.0 = Release|Win32
		{0D21F7A5-AB4A-465E-B71E-98A673280B3D}.MinSizeRel|Win32.ActiveCfg = MinSizeRel|Win32
		{0D21F7A5-AB4A-465E-B71E-98A673280B3D}.MinSizeRel|Win32.Build.0 = MinSizeRel|Win32
		{0D21F7A5-AB4A-465E-B71E-98A673280B3D}.RelWithDebInfo|Win32.ActiveCfg = RelWithDebInfo|Win32
		{0D21F7A5-AB4A-465E-B71E-98A673280B3D}.RelWithDebInfo|Win32.Build.0 = RelWithDebInfo|Win32
		{F03D84E9-69AF-4F2C-AE14-785D71C58552}.Debug|Win32.ActiveCfg = Debug|Win32
		{F03D84E9-69AF-4F2C-AE14-785D71C58552}.Debug|Win32.Build.0 = Debug|Win32
		{F03D84E9-69AF-4F2C-AE14-785D71C58552}.Release|Win32.ActiveCfg = Release|Win32
		{F03D84E9-69AF-4F2C-AE14-785D71C58552}.Release|Win32.Build.0 = Release|Win32
		{F03D84E9-69AF-4F2C-AE14-785D71C58552}.MinSizeRel|Win32.ActiveCfg = MinSizeRel|Win32
		{F03D84E9-69AF-4F2C-AE14-785D71C58552}.MinSizeRel|Win32.Build.0 = MinSizeRel|Win32
		{F03D84E9-69AF-4F2C-AE14-785D71C58552}.RelWithDebInfo|Win32.ActiveCfg = RelWithDebInfo|Win32
		{F03D84E9-69AF-4F2C-AE14-785D71C58552}.RelWithDebInfo|Win32.Build.0 = RelWithDebInfo|Win32
		{50C25B76-44A8-40F7-8ACB-CEC24994FB60}.Debug|Win32.ActiveCfg = Debug|Win32
		{50C25B76-44A8-40F7-8ACB-CEC24994FB60}.Debug|Win32.Build.0 = Debug|Win32
		{50C25B76-44A8-40F7-8ACB-CEC24994FB60}.Release|Win32.ActiveCfg = Release|Win32
		{50C25B76-44A8-40F7-8ACB-CEC24994FB60}.Release|Win32.Build.0 = Release|Win32
		{50C25B76-44A8-40F7-8ACB-CEC24994FB60}.MinSizeRel|Win32.ActiveCfg = MinSizeRel|Win32
		{50C25B76-44A8-40F7-8ACB-CEC24994FB60}.MinSizeRel|Win32.Build.0 = MinSizeRel|Win32
		{50C25B76-44A8-40F7-8ACB-CEC24994FB60}.RelWithDebInfo|Win32.ActiveCfg = RelWithDebInfo|Win32
		{50C25B76-44A8-40F7-8ACB-CEC24994FB60}.RelWithDebInfo|Win32.Build.0 = RelWithDebInfo|Win32
		{D572DE99-E53F-4386-B1DE-E5D7A6345562}.Debug|Win32.ActiveCfg = Debug|Win32
		{D572DE99-E53F-4386-B1DE-E5D7A6345562}.Debug|Win32.Build.0 = Debug|Win32
		{D572DE99-E53F-4386-B1DE-E5D7A6345562}.Release|Win32.ActiveCfg = Release|Win32
		{D572DE99-E53F-4386-B1DE-E5D7A6345562}.Release|Win32.Build.0 = Release|Win32
		{D572DE99-E53F-4386-B1DE-E5D7A6345562}.MinSizeRel|Win32.ActiveCfg = MinSizeRel|Win32
		{D572DE99-E53F-4386-B1DE-E5D7A6345562}.MinSizeRel|Win32.Build.0 = MinSizeRel|Win32
		{D572DE99-E53F-4386-B1DE-E5D7A6345562}.RelWithDebInfo|Win32.ActiveCfg = RelWithDebInfo|Win32
		{D572DE99-E53F-4386-B1DE-E5D7A6345562}.RelWithDebInfo|Win32.Build.0 = RelWithDebInfo|Win32
		{E8EE4066-5EFC-4E7A-9F90-3DCC4D0C5F1A}.Debug|Win32.ActiveCfg = Debug|Win32
		{E8EE4066-5EFC-4E7A-9F90-3DCC4D0C5F1A}.Debug|Win32.Build.0 = Debug|Win32
		{E8EE4066-5EFC-4E7A-9F90-3DCC4D0C5F1A}.Release|Win32.ActiveCfg = Release|Win32
		{E8EE4066-5EFC-4E7A-9F90-3DCC4D0C5F1A}.Release|Win32.Build.0 = Release|Win32
		{E8EE4066-5EFC-4E7A-9F90-3DCC4D0C5F1A}.MinSizeRel|Win32.ActiveCfg = MinSizeRel|Win32
		{E8EE4066-5EFC-4E7A-9F90-3DCC4D0C5F1A}.MinSizeRel|Win32.Build.0 = MinSizeRel|Win32
		{E8EE4066-5EFC-4E7A-9F90-3DCC4D0C5F1A}.RelWithDebInfo|Win32.ActiveCfg = RelWithDebInfo|Win32
		{E8EE4066-5EFC-4E7A-9F90-3DCC4D0C5F1A}.RelWithDebInfo|Win32.Build.0 = RelWithDebInfo|Win32
		{6AF35B6E-4C67-4559-A152-4314B059B292}.Debug|Win32.ActiveCfg = Debug|Win32
		{6AF35B6E-4C67-4559-A152-4314B059B292}.Debug|Win32.Build.0 = Debug|Win32
		{6AF35B6E-4C67-4559-A152-4314B059B292}.Release|Win32.ActiveCfg = Release|Win32
		{6AF35B6E-4C67-4559-A152-4314B059B292}.Release|Win32.Build.0 = Release|Win32
		{6AF35B6E-4C67-4559-A152-4314B059B292}.MinSizeRel|Win32.ActiveCfg = MinSizeRel|Win32
		{6AF35B6E-4C67-4559-A152-4314B059B292}.MinSizeRel|Win32.Build.0 = MinSizeRel|Win32
		{6AF35B6E-4C67-4559-A152-4314B059B292}.RelWithDebInfo|Win32.ActiveCfg = RelWithDebInfo|Win32
		{6AF35B6E-4C67-4559-A152-4314B059B292}.RelWithDebInfo|Win32.Build.0 = RelWithDebInfo|Win32
		{321FA59E-FEFD-4A2B-B1E7-3BFD86662F18}.Debug|Win32.ActiveCfg = Debug|Win32
		{321FA59E-FEFD-4A2B-B1E7-3BFD86662F18}.Debug|Win32.Build.0 = Debug|Win32
		{321FA59E-FEFD-4A2B-B1E7-3BFD86662F18}.Release|Win32.ActiveCfg = Release|Win32
		{321FA59E-FEFD-4A2B-B1E7-3BFD86662F18}.Release|Win32.Build.0 = Release|Win32
		{321FA59E-FEFD-4A2B-B1E7-3BFD86662F18}.MinSizeRel|Win32.ActiveCfg = MinSizeRel|Win32
		{321FA59E-FEFD-4A2B-B1E7-3BFD86662F18}.MinSizeRel|Win32.Build.0 = MinSizeRel|Win32
		{321FA59E-FEFD-4A2B-B1E7-3BFD86662F18}.RelWithDebInfo|Win32.ActiveCfg = RelWithDebInfo|Win32
		{321FA59E-FEFD-4A2B-B1E7-3BFD86662F18}.RelWithDebInfo|Win32.Build.0 = RelWithDebInfo|Win32
		{5DFD0540-E349-4E72-8633-D1765F2804CC}.Debug|Win32.ActiveCfg = Debug|Win32
		{5DFD0540-E349-4E72-8633-D1765F2804CC}.Release|Win32.ActiveCfg = Release|Win32
		{5DFD0540-E349-4E72-8633-D1765F2804CC}.MinSizeRel|Win32.ActiveCfg = MinSizeRel|Win32
		{5DFD0540-E349-4E72-8633-D1765F2804CC}.RelWithDebInfo|Win32.ActiveCfg = RelWithDebInfo|Win32
	EndGlobalSection
	GlobalSection(ExtensibilityGlobals) = postSolution
	EndGlobalSection
	GlobalSection(ExtensibilityAddIns) = postSolution
	EndGlobalSection
EndGlobal
