<?xml version="1.0" encoding="Windows-1252"?>
<Project ToolsVersion="12.0" xmlns="http://schemas.microsoft.com/developer/msbuild/2003">
  <ItemGroup>
    <ClCompile Include="C:\Projects\DifferenceFormatter\src\sdks\ctemplate\src\base\arena.cc">
      <Filter>Source Files</Filter>
    </ClCompile>
    <ClCompile Include="C:\Projects\DifferenceFormatter\src\sdks\ctemplate\src\per_expand_data.cc">
      <Filter>Source Files</Filter>
    </ClCompile>
    <ClCompile Include="C:\Projects\DifferenceFormatter\src\sdks\ctemplate\src\template.cc">
      <Filter>Source Files</Filter>
    </ClCompile>
    <ClCompile Include="C:\Projects\DifferenceFormatter\src\sdks\ctemplate\src\template_annotator.cc">
      <Filter>Source Files</Filter>
    </ClCompile>
    <ClCompile Include="C:\Projects\DifferenceFormatter\src\sdks\ctemplate\src\template_cache.cc">
      <Filter>Source Files</Filter>
    </ClCompile>
    <ClCompile Include="C:\Projects\DifferenceFormatter\src\sdks\ctemplate\src\template_dictionary.cc">
      <Filter>Source Files</Filter>
    </ClCompile>
    <ClCompile Include="C:\Projects\DifferenceFormatter\src\sdks\ctemplate\src\template_modifiers.cc">
      <Filter>Source Files</Filter>
    </ClCompile>
    <ClCompile Include="C:\Projects\DifferenceFormatter\src\sdks\ctemplate\src\template_namelist.cc">
      <Filter>Source Files</Filter>
    </ClCompile>
    <ClCompile Include="C:\Projects\DifferenceFormatter\src\sdks\ctemplate\src\template_pathops.cc">
      <Filter>Source Files</Filter>
    </ClCompile>
    <ClCompile Include="C:\Projects\DifferenceFormatter\src\sdks\ctemplate\src\template_string.cc">
      <Filter>Source Files</Filter>
    </ClCompile>
    <ClCompile Include="C:\Projects\DifferenceFormatter\src\sdks\ctemplate\src\htmlparser\htmlparser.cc">
      <Filter>Source Files</Filter>
    </ClCompile>
    <ClCompile Include="C:\Projects\DifferenceFormatter\src\sdks\ctemplate\src\htmlparser\jsparser.cc">
      <Filter>Source Files</Filter>
    </ClCompile>
    <ClCompile Include="C:\Projects\DifferenceFormatter\src\sdks\ctemplate\src\htmlparser\statemachine.cc">
      <Filter>Source Files</Filter>
    </ClCompile>
    <ClCompile Include="C:\Projects\DifferenceFormatter\src\sdks\ctemplate\src\windows\port.cc">
      <Filter>Source Files</Filter>
    </ClCompile>
  </ItemGroup>
  <ItemGroup>
    <CustomBuild Include="C:\Projects\DifferenceFormatter\src\sdks\ctemplate\CMakeLists.txt" />
  </ItemGroup>
  <ItemGroup>
    <Filter Include="Source Files">
      <UniqueIdentifier>{8E52BD97-B0D3-43C0-8C9C-24A48C122E9C}</UniqueIdentifier>
    </Filter>
  </ItemGroup>
</Project>
